<?xml version="1.0" encoding="utf-8"?>
<Project ToolsVersion="4.0" xmlns="http://schemas.microsoft.com/developer/msbuild/2003">
  <ItemGroup>
    <Filter Include="Source Files">
      <UniqueIdentifier>{4FC737F1-C7A5-4376-A066-2A32D752A2FF}</UniqueIdentifier>
      <Extensions>cpp;c;cc;cxx;c++;def;odl;idl;hpj;bat;asm;asmx</Extensions>
    </Filter>
    <Filter Include="Header Files">
      <UniqueIdentifier>{93995380-89BD-4b04-88EB-625FBE52EBFB}</UniqueIdentifier>
      <Extensions>h;hh;hpp;hxx;h++;hm;inl;inc;ipp;xsd</Extensions>
    </Filter>
    <Filter Include="Resource Files">
      <UniqueIdentifier>{67DA6AB6-F800-4c08-8B7A-83BB121AAD01}</UniqueIdentifier>
      <Extensions>rc;ico;cur;bmp;dlg;rc2;rct;bin;rgs;gif;jpg;jpeg;jpe;resx;tiff;tif;png;wav;mfcribbon-ms</Extensions>
    </Filter>
    <Filter Include="Header Files\include">
      <UniqueIdentifier>{adbda59b-d4c1-431b-adb3-ff3cd34ad435}</UniqueIdentifier>
    </Filter>
    <Filter Include="Header Files\include\spdlog">
      <UniqueIdentifier>{b34cd3c7-70bd-423f-af22-76e6697b0e26}</UniqueIdentifier>
    </Filter>
    <Filter Include="Header Files\include\imgui">
      <UniqueIdentifier>{f7925948-c10d-4927-99bc-e8a0170d1ee3}</UniqueIdentifier>
    </Filter>
    <Filter Include="Source Files\include">
      <UniqueIdentifier>{9334c830-1ba8-4336-a5a2-88bc6450c537}</UniqueIdentifier>
    </Filter>
    <Filter Include="Source Files\include\imgui">
      <UniqueIdentifier>{fd4f9234-a86a-483a-8ccb-7b8264a0f9c0}</UniqueIdentifier>
    </Filter>
    <Filter Include="Source Files\Utilities">
      <UniqueIdentifier>{2896faff-87e1-4231-a9dd-71650ac21cf8}</UniqueIdentifier>
    </Filter>
    <Filter Include="Header Files\Utilities">
      <UniqueIdentifier>{094d8a29-d872-445d-be45-3d87fcadc654}</UniqueIdentifier>
    </Filter>
    <Filter Include="Header Files\Hacks">
      <UniqueIdentifier>{0a9a6171-2ae8-4a9b-a435-ffaa84daf27a}</UniqueIdentifier>
    </Filter>
    <Filter Include="Source Files\Hacks">
      <UniqueIdentifier>{d47a0456-a03b-47d3-b014-41bfe8b7c530}</UniqueIdentifier>
    </Filter>
    <Filter Include="Header Files\include\SDK">
      <UniqueIdentifier>{edc8861f-c6fe-4e29-9d96-35aa66665026}</UniqueIdentifier>
    </Filter>
    <Filter Include="Source Files\include\SDK">
      <UniqueIdentifier>{670bee64-0b5d-46ac-bb02-9c878b47ae30}</UniqueIdentifier>
    </Filter>
    <Filter Include="Header Files\include\XorStr">
      <UniqueIdentifier>{56b16af8-8f1d-4185-9cc7-512b25fa4d16}</UniqueIdentifier>
    </Filter>
    <Filter Include="Header Files\Hooks">
      <UniqueIdentifier>{023acc98-8116-43f0-b697-f8d1117eca21}</UniqueIdentifier>
    </Filter>
    <Filter Include="Source Files\Hooks">
      <UniqueIdentifier>{62842cfe-f111-462c-9c5e-5c7cb1727d55}</UniqueIdentifier>
    </Filter>
  </ItemGroup>
  <ItemGroup>
    <ClCompile Include="dllmain.cpp">
      <Filter>Source Files</Filter>
    </ClCompile>
    <ClCompile Include="GUI.cpp">
      <Filter>Source Files</Filter>
    </ClCompile>
    <ClCompile Include="include\imgui\imgui.cpp">
      <Filter>Source Files\include\imgui</Filter>
    </ClCompile>
    <ClCompile Include="include\imgui\imgui_demo.cpp">
      <Filter>Source Files\include\imgui</Filter>
    </ClCompile>
    <ClCompile Include="include\imgui\imgui_draw.cpp">
      <Filter>Source Files\include\imgui</Filter>
    </ClCompile>
    <ClCompile Include="include\imgui\imgui_impl_dx11.cpp">
      <Filter>Source Files\include\imgui</Filter>
    </ClCompile>
    <ClCompile Include="include\imgui\imgui_impl_win32.cpp">
      <Filter>Source Files\include\imgui</Filter>
    </ClCompile>
    <ClCompile Include="include\imgui\imgui_widgets.cpp">
      <Filter>Source Files\include\imgui</Filter>
    </ClCompile>
    <ClCompile Include="Utilities\Memory.cpp">
      <Filter>Source Files\Utilities</Filter>
    </ClCompile>
    <ClCompile Include="Utilities\VMTHook.cpp">
      <Filter>Source Files\Utilities</Filter>
    </ClCompile>
    <ClCompile Include="Config.cpp">
      <Filter>Source Files</Filter>
    </ClCompile>
    <ClCompile Include="Hacks\ESP.cpp">
      <Filter>Source Files\Hacks</Filter>
    </ClCompile>
    <ClCompile Include="Hacks\Info.cpp">
      <Filter>Source Files\Hacks</Filter>
    </ClCompile>
    <ClCompile Include="include\SDK\source\SoT_Athena_functions.cpp">
      <Filter>Source Files\include\SDK</Filter>
    </ClCompile>
    <ClCompile Include="include\SDK\source\SoT_Basic.cpp">
      <Filter>Source Files\include\SDK</Filter>
    </ClCompile>
    <ClCompile Include="include\SDK\source\SoT_CoreUObject_functions.cpp">
      <Filter>Source Files\include\SDK</Filter>
    </ClCompile>
    <ClCompile Include="include\SDK\source\SoT_DebugMenu_functions.cpp">
      <Filter>Source Files\include\SDK</Filter>
    </ClCompile>
    <ClCompile Include="include\SDK\source\SoT_Engine_functions.cpp">
      <Filter>Source Files\include\SDK</Filter>
    </ClCompile>
    <ClCompile Include="include\SDK\source\SoT_Maths_functions.cpp">
      <Filter>Source Files\include\SDK</Filter>
    </ClCompile>
    <ClCompile Include="include\SDK\source\SoT_UMG_functions.cpp">
      <Filter>Source Files\include\SDK</Filter>
    </ClCompile>
    <ClCompile Include="SeaOfRats.cpp">
      <Filter>Source Files</Filter>
    </ClCompile>
    <ClCompile Include="Hooks\Game.cpp">
      <Filter>Source Files\Hooks</Filter>
    </ClCompile>
    <ClCompile Include="Hooks\DirectX.cpp">
      <Filter>Source Files\Hooks</Filter>
    </ClCompile>
    <ClCompile Include="Hacks\Drawing.cpp">
      <Filter>Source Files\Hacks</Filter>
    </ClCompile>
    <ClCompile Include="Hacks\Aimbot.cpp">
      <Filter>Source Files\Hacks</Filter>
    </ClCompile>
    <ClCompile Include="Hacks\Hacks.cpp">
      <Filter>Source Files\Hacks</Filter>
    </ClCompile>
  </ItemGroup>
  <ItemGroup>
    <ClInclude Include="GUI.h">
      <Filter>Header Files</Filter>
    </ClInclude>
    <ClInclude Include="include\spdlog\sinks\android_sink.h">
      <Filter>Header Files\include\spdlog</Filter>
    </ClInclude>
    <ClInclude Include="include\spdlog\sinks\ansicolor_sink.h">
      <Filter>Header Files\include\spdlog</Filter>
    </ClInclude>
    <ClInclude Include="include\spdlog\sinks\ansicolor_sink-inl.h">
      <Filter>Header Files\include\spdlog</Filter>
    </ClInclude>
    <ClInclude Include="include\spdlog\cfg\argv.h">
      <Filter>Header Files\include\spdlog</Filter>
    </ClInclude>
    <ClInclude Include="include\spdlog\async.h">
      <Filter>Header Files\include\spdlog</Filter>
    </ClInclude>
    <ClInclude Include="include\spdlog\async_logger.h">
      <Filter>Header Files\include\spdlog</Filter>
    </ClInclude>
    <ClInclude Include="include\spdlog\async_logger-inl.h">
      <Filter>Header Files\include\spdlog</Filter>
    </ClInclude>
    <ClInclude Include="include\spdlog\details\backtracer.h">
      <Filter>Header Files\include\spdlog</Filter>
    </ClInclude>
    <ClInclude Include="include\spdlog\details\backtracer-inl.h">
      <Filter>Header Files\include\spdlog</Filter>
    </ClInclude>
    <ClInclude Include="include\spdlog\sinks\base_sink.h">
      <Filter>Header Files\include\spdlog</Filter>
    </ClInclude>
    <ClInclude Include="include\spdlog\sinks\base_sink-inl.h">
      <Filter>Header Files\include\spdlog</Filter>
    </ClInclude>
    <ClInclude Include="include\spdlog\sinks\basic_file_sink.h">
      <Filter>Header Files\include\spdlog</Filter>
    </ClInclude>
    <ClInclude Include="include\spdlog\sinks\basic_file_sink-inl.h">
      <Filter>Header Files\include\spdlog</Filter>
    </ClInclude>
    <ClInclude Include="include\spdlog\fmt\bin_to_hex.h">
      <Filter>Header Files\include\spdlog</Filter>
    </ClInclude>
    <ClInclude Include="include\spdlog\fmt\bundled\chrono.h">
      <Filter>Header Files\include\spdlog</Filter>
    </ClInclude>
    <ClInclude Include="include\spdlog\details\circular_q.h">
      <Filter>Header Files\include\spdlog</Filter>
    </ClInclude>
    <ClInclude Include="include\spdlog\fmt\bundled\color.h">
      <Filter>Header Files\include\spdlog</Filter>
    </ClInclude>
    <ClInclude Include="include\spdlog\common.h">
      <Filter>Header Files\include\spdlog</Filter>
    </ClInclude>
    <ClInclude Include="include\spdlog\common-inl.h">
      <Filter>Header Files\include\spdlog</Filter>
    </ClInclude>
    <ClInclude Include="include\spdlog\fmt\bundled\compile.h">
      <Filter>Header Files\include\spdlog</Filter>
    </ClInclude>
    <ClInclude Include="include\spdlog\details\console_globals.h">
      <Filter>Header Files\include\spdlog</Filter>
    </ClInclude>
    <ClInclude Include="include\spdlog\fmt\bundled\core.h">
      <Filter>Header Files\include\spdlog</Filter>
    </ClInclude>
    <ClInclude Include="include\spdlog\sinks\daily_file_sink.h">
      <Filter>Header Files\include\spdlog</Filter>
    </ClInclude>
    <ClInclude Include="include\spdlog\sinks\dist_sink.h">
      <Filter>Header Files\include\spdlog</Filter>
    </ClInclude>
    <ClInclude Include="include\spdlog\sinks\dup_filter_sink.h">
      <Filter>Header Files\include\spdlog</Filter>
    </ClInclude>
    <ClInclude Include="include\spdlog\cfg\env.h">
      <Filter>Header Files\include\spdlog</Filter>
    </ClInclude>
    <ClInclude Include="include\spdlog\details\file_helper.h">
      <Filter>Header Files\include\spdlog</Filter>
    </ClInclude>
    <ClInclude Include="include\spdlog\details\file_helper-inl.h">
      <Filter>Header Files\include\spdlog</Filter>
    </ClInclude>
    <ClInclude Include="include\spdlog\fmt\fmt.h">
      <Filter>Header Files\include\spdlog</Filter>
    </ClInclude>
    <ClInclude Include="include\spdlog\details\fmt_helper.h">
      <Filter>Header Files\include\spdlog</Filter>
    </ClInclude>
    <ClInclude Include="include\spdlog\fmt\bundled\format.h">
      <Filter>Header Files\include\spdlog</Filter>
    </ClInclude>
    <ClInclude Include="include\spdlog\fmt\bundled\format-inl.h">
      <Filter>Header Files\include\spdlog</Filter>
    </ClInclude>
    <ClInclude Include="include\spdlog\formatter.h">
      <Filter>Header Files\include\spdlog</Filter>
    </ClInclude>
    <ClInclude Include="include\spdlog\fwd.h">
      <Filter>Header Files\include\spdlog</Filter>
    </ClInclude>
    <ClInclude Include="include\spdlog\cfg\helpers.h">
      <Filter>Header Files\include\spdlog</Filter>
    </ClInclude>
    <ClInclude Include="include\spdlog\cfg\helpers-inl.h">
      <Filter>Header Files\include\spdlog</Filter>
    </ClInclude>
    <ClInclude Include="include\spdlog\fmt\bundled\locale.h">
      <Filter>Header Files\include\spdlog</Filter>
    </ClInclude>
    <ClInclude Include="include\spdlog\cfg\log_levels.h">
      <Filter>Header Files\include\spdlog</Filter>
    </ClInclude>
    <ClInclude Include="include\spdlog\details\log_msg.h">
      <Filter>Header Files\include\spdlog</Filter>
    </ClInclude>
    <ClInclude Include="include\spdlog\details\log_msg_buffer.h">
      <Filter>Header Files\include\spdlog</Filter>
    </ClInclude>
    <ClInclude Include="include\spdlog\details\log_msg_buffer-inl.h">
      <Filter>Header Files\include\spdlog</Filter>
    </ClInclude>
    <ClInclude Include="include\spdlog\details\log_msg-inl.h">
      <Filter>Header Files\include\spdlog</Filter>
    </ClInclude>
    <ClInclude Include="include\spdlog\logger.h">
      <Filter>Header Files\include\spdlog</Filter>
    </ClInclude>
    <ClInclude Include="include\spdlog\logger-inl.h">
      <Filter>Header Files\include\spdlog</Filter>
    </ClInclude>
    <ClInclude Include="include\spdlog\details\mpmc_blocking_q.h">
      <Filter>Header Files\include\spdlog</Filter>
    </ClInclude>
    <ClInclude Include="include\spdlog\sinks\msvc_sink.h">
      <Filter>Header Files\include\spdlog</Filter>
    </ClInclude>
    <ClInclude Include="include\spdlog\details\null_mutex.h">
      <Filter>Header Files\include\spdlog</Filter>
    </ClInclude>
    <ClInclude Include="include\spdlog\sinks\null_sink.h">
      <Filter>Header Files\include\spdlog</Filter>
    </ClInclude>
    <ClInclude Include="include\spdlog\details\os.h">
      <Filter>Header Files\include\spdlog</Filter>
    </ClInclude>
    <ClInclude Include="include\spdlog\details\os-inl.h">
      <Filter>Header Files\include\spdlog</Filter>
    </ClInclude>
    <ClInclude Include="include\spdlog\fmt\ostr.h">
      <Filter>Header Files\include\spdlog</Filter>
    </ClInclude>
    <ClInclude Include="include\spdlog\fmt\bundled\ostream.h">
      <Filter>Header Files\include\spdlog</Filter>
    </ClInclude>
    <ClInclude Include="include\spdlog\sinks\ostream_sink.h">
      <Filter>Header Files\include\spdlog</Filter>
    </ClInclude>
    <ClInclude Include="include\spdlog\pattern_formatter.h">
      <Filter>Header Files\include\spdlog</Filter>
    </ClInclude>
    <ClInclude Include="include\spdlog\pattern_formatter-inl.h">
      <Filter>Header Files\include\spdlog</Filter>
    </ClInclude>
    <ClInclude Include="include\spdlog\details\periodic_worker.h">
      <Filter>Header Files\include\spdlog</Filter>
    </ClInclude>
    <ClInclude Include="include\spdlog\details\periodic_worker-inl.h">
      <Filter>Header Files\include\spdlog</Filter>
    </ClInclude>
    <ClInclude Include="include\spdlog\fmt\bundled\posix.h">
      <Filter>Header Files\include\spdlog</Filter>
    </ClInclude>
    <ClInclude Include="include\spdlog\fmt\bundled\printf.h">
      <Filter>Header Files\include\spdlog</Filter>
    </ClInclude>
    <ClInclude Include="include\spdlog\fmt\bundled\ranges.h">
      <Filter>Header Files\include\spdlog</Filter>
    </ClInclude>
    <ClInclude Include="include\spdlog\details\registry.h">
      <Filter>Header Files\include\spdlog</Filter>
    </ClInclude>
    <ClInclude Include="include\spdlog\details\registry-inl.h">
      <Filter>Header Files\include\spdlog</Filter>
    </ClInclude>
    <ClInclude Include="include\spdlog\sinks\ringbuffer_sink.h">
      <Filter>Header Files\include\spdlog</Filter>
    </ClInclude>
    <ClInclude Include="include\spdlog\sinks\rotating_file_sink.h">
      <Filter>Header Files\include\spdlog</Filter>
    </ClInclude>
    <ClInclude Include="include\spdlog\sinks\rotating_file_sink-inl.h">
      <Filter>Header Files\include\spdlog</Filter>
    </ClInclude>
    <ClInclude Include="include\spdlog\sinks\sink.h">
      <Filter>Header Files\include\spdlog</Filter>
    </ClInclude>
    <ClInclude Include="include\spdlog\sinks\sink-inl.h">
      <Filter>Header Files\include\spdlog</Filter>
    </ClInclude>
    <ClInclude Include="include\spdlog\spdlog.h">
      <Filter>Header Files\include\spdlog</Filter>
    </ClInclude>
    <ClInclude Include="include\spdlog\spdlog-inl.h">
      <Filter>Header Files\include\spdlog</Filter>
    </ClInclude>
    <ClInclude Include="include\spdlog\sinks\stdout_color_sinks.h">
      <Filter>Header Files\include\spdlog</Filter>
    </ClInclude>
    <ClInclude Include="include\spdlog\sinks\stdout_color_sinks-inl.h">
      <Filter>Header Files\include\spdlog</Filter>
    </ClInclude>
    <ClInclude Include="include\spdlog\sinks\stdout_sinks.h">
      <Filter>Header Files\include\spdlog</Filter>
    </ClInclude>
    <ClInclude Include="include\spdlog\sinks\stdout_sinks-inl.h">
      <Filter>Header Files\include\spdlog</Filter>
    </ClInclude>
    <ClInclude Include="include\spdlog\details\synchronous_factory.h">
      <Filter>Header Files\include\spdlog</Filter>
    </ClInclude>
    <ClInclude Include="include\spdlog\sinks\syslog_sink.h">
      <Filter>Header Files\include\spdlog</Filter>
    </ClInclude>
    <ClInclude Include="include\spdlog\sinks\systemd_sink.h">
      <Filter>Header Files\include\spdlog</Filter>
    </ClInclude>
    <ClInclude Include="include\spdlog\details\tcp_client.h">
      <Filter>Header Files\include\spdlog</Filter>
    </ClInclude>
    <ClInclude Include="include\spdlog\details\tcp_client-windows.h">
      <Filter>Header Files\include\spdlog</Filter>
    </ClInclude>
    <ClInclude Include="include\spdlog\sinks\tcp_sink.h">
      <Filter>Header Files\include\spdlog</Filter>
    </ClInclude>
    <ClInclude Include="include\spdlog\details\thread_pool.h">
      <Filter>Header Files\include\spdlog</Filter>
    </ClInclude>
    <ClInclude Include="include\spdlog\details\thread_pool-inl.h">
      <Filter>Header Files\include\spdlog</Filter>
    </ClInclude>
    <ClInclude Include="include\spdlog\tweakme.h">
      <Filter>Header Files\include\spdlog</Filter>
    </ClInclude>
    <ClInclude Include="include\spdlog\version.h">
      <Filter>Header Files\include\spdlog</Filter>
    </ClInclude>
    <ClInclude Include="include\spdlog\sinks\win_eventlog_sink.h">
      <Filter>Header Files\include\spdlog</Filter>
    </ClInclude>
    <ClInclude Include="include\spdlog\sinks\wincolor_sink.h">
      <Filter>Header Files\include\spdlog</Filter>
    </ClInclude>
    <ClInclude Include="include\spdlog\sinks\wincolor_sink-inl.h">
      <Filter>Header Files\include\spdlog</Filter>
    </ClInclude>
    <ClInclude Include="include\spdlog\details\windows_include.h">
      <Filter>Header Files\include\spdlog</Filter>
    </ClInclude>
    <ClInclude Include="include\imgui\imconfig.h">
      <Filter>Header Files\include\imgui</Filter>
    </ClInclude>
    <ClInclude Include="include\imgui\imgui.h">
      <Filter>Header Files\include\imgui</Filter>
    </ClInclude>
    <ClInclude Include="include\imgui\imgui_impl_dx11.h">
      <Filter>Header Files\include\imgui</Filter>
    </ClInclude>
    <ClInclude Include="include\imgui\imgui_impl_win32.h">
      <Filter>Header Files\include\imgui</Filter>
    </ClInclude>
    <ClInclude Include="include\imgui\imgui_internal.h">
      <Filter>Header Files\include\imgui</Filter>
    </ClInclude>
    <ClInclude Include="include\imgui\imstb_rectpack.h">
      <Filter>Header Files\include\imgui</Filter>
    </ClInclude>
    <ClInclude Include="include\imgui\imstb_textedit.h">
      <Filter>Header Files\include\imgui</Filter>
    </ClInclude>
    <ClInclude Include="include\imgui\imstb_truetype.h">
      <Filter>Header Files\include\imgui</Filter>
    </ClInclude>
    <ClInclude Include="Utilities\Memory.h">
      <Filter>Header Files\Utilities</Filter>
    </ClInclude>
    <ClInclude Include="Utilities\VMTHook.h">
      <Filter>Header Files\Utilities</Filter>
    </ClInclude>
    <ClInclude Include="Config.h">
      <Filter>Header Files</Filter>
    </ClInclude>
    <ClInclude Include="Hacks\ESP.h">
      <Filter>Header Files\Hacks</Filter>
    </ClInclude>
    <ClInclude Include="Hacks\Info.h">
      <Filter>Header Files\Hacks</Filter>
    </ClInclude>
    <ClInclude Include="include\SDK\SDK.h">
      <Filter>Header Files\include\SDK</Filter>
    </ClInclude>
    <ClInclude Include="include\SDK\include\SoT_ActionStateMachine_classes.h">
      <Filter>Header Files\include\SDK</Filter>
    </ClInclude>
    <ClInclude Include="include\SDK\include\SoT_ActionStateMachine_enums.h">
      <Filter>Header Files\include\SDK</Filter>
    </ClInclude>
    <ClInclude Include="include\SDK\include\SoT_ActionStateMachine_structs.h">
      <Filter>Header Files\include\SDK</Filter>
    </ClInclude>
    <ClInclude Include="include\SDK\include\SoT_AIModule_classes.h">
      <Filter>Header Files\include\SDK</Filter>
    </ClInclude>
    <ClInclude Include="include\SDK\include\SoT_AIModule_enums.h">
      <Filter>Header Files\include\SDK</Filter>
    </ClInclude>
    <ClInclude Include="include\SDK\include\SoT_AIModule_structs.h">
      <Filter>Header Files\include\SDK</Filter>
    </ClInclude>
    <ClInclude Include="include\SDK\include\SoT_AIShips_classes.h">
      <Filter>Header Files\include\SDK</Filter>
    </ClInclude>
    <ClInclude Include="include\SDK\include\SoT_AIShips_enums.h">
      <Filter>Header Files\include\SDK</Filter>
    </ClInclude>
    <ClInclude Include="include\SDK\include\SoT_AIShips_structs.h">
      <Filter>Header Files\include\SDK</Filter>
    </ClInclude>
    <ClInclude Include="include\SDK\include\SoT_Animation_classes.h">
      <Filter>Header Files\include\SDK</Filter>
    </ClInclude>
    <ClInclude Include="include\SDK\include\SoT_Animation_enums.h">
      <Filter>Header Files\include\SDK</Filter>
    </ClInclude>
    <ClInclude Include="include\SDK\include\SoT_Animation_structs.h">
      <Filter>Header Files\include\SDK</Filter>
    </ClInclude>
    <ClInclude Include="include\SDK\include\SoT_Athena_classes.h">
      <Filter>Header Files\include\SDK</Filter>
    </ClInclude>
    <ClInclude Include="include\SDK\include\SoT_Athena_enums.h">
      <Filter>Header Files\include\SDK</Filter>
    </ClInclude>
    <ClInclude Include="include\SDK\include\SoT_Athena_structs.h">
      <Filter>Header Files\include\SDK</Filter>
    </ClInclude>
    <ClInclude Include="include\SDK\include\SoT_AthenaAI_classes.h">
      <Filter>Header Files\include\SDK</Filter>
    </ClInclude>
    <ClInclude Include="include\SDK\include\SoT_AthenaAI_enums.h">
      <Filter>Header Files\include\SDK</Filter>
    </ClInclude>
    <ClInclude Include="include\SDK\include\SoT_AthenaAI_structs.h">
      <Filter>Header Files\include\SDK</Filter>
    </ClInclude>
    <ClInclude Include="include\SDK\include\SoT_AthenaAIAbilities_classes.h">
      <Filter>Header Files\include\SDK</Filter>
    </ClInclude>
    <ClInclude Include="include\SDK\include\SoT_AthenaAIAbilities_structs.h">
      <Filter>Header Files\include\SDK</Filter>
    </ClInclude>
    <ClInclude Include="include\SDK\include\SoT_AthenaEngine_classes.h">
      <Filter>Header Files\include\SDK</Filter>
    </ClInclude>
    <ClInclude Include="include\SDK\include\SoT_AthenaEngine_enums.h">
      <Filter>Header Files\include\SDK</Filter>
    </ClInclude>
    <ClInclude Include="include\SDK\include\SoT_AthenaEngine_structs.h">
      <Filter>Header Files\include\SDK</Filter>
    </ClInclude>
    <ClInclude Include="include\SDK\include\SoT_AthenaInput_classes.h">
      <Filter>Header Files\include\SDK</Filter>
    </ClInclude>
    <ClInclude Include="include\SDK\include\SoT_AthenaInput_enums.h">
      <Filter>Header Files\include\SDK</Filter>
    </ClInclude>
    <ClInclude Include="include\SDK\include\SoT_AthenaInput_structs.h">
      <Filter>Header Files\include\SDK</Filter>
    </ClInclude>
    <ClInclude Include="include\SDK\include\SoT_AthenaRigging_classes.h">
      <Filter>Header Files\include\SDK</Filter>
    </ClInclude>
    <ClInclude Include="include\SDK\include\SoT_AthenaRigging_enums.h">
      <Filter>Header Files\include\SDK</Filter>
    </ClInclude>
    <ClInclude Include="include\SDK\include\SoT_AthenaRigging_structs.h">
      <Filter>Header Files\include\SDK</Filter>
    </ClInclude>
    <ClInclude Include="include\SDK\include\SoT_AthenaServerMigration_classes.h">
      <Filter>Header Files\include\SDK</Filter>
    </ClInclude>
    <ClInclude Include="include\SDK\include\SoT_AthenaServerMigration_structs.h">
      <Filter>Header Files\include\SDK</Filter>
    </ClInclude>
    <ClInclude Include="include\SDK\include\SoT_Basic.h">
      <Filter>Header Files\include\SDK</Filter>
    </ClInclude>
    <ClInclude Include="include\SDK\include\SoT_CoherentUIGTPlugin_classes.h">
      <Filter>Header Files\include\SDK</Filter>
    </ClInclude>
    <ClInclude Include="include\SDK\include\SoT_CoherentUIGTPlugin_enums.h">
      <Filter>Header Files\include\SDK</Filter>
    </ClInclude>
    <ClInclude Include="include\SDK\include\SoT_CoherentUIGTPlugin_structs.h">
      <Filter>Header Files\include\SDK</Filter>
    </ClInclude>
    <ClInclude Include="include\SDK\include\SoT_Cooking_classes.h">
      <Filter>Header Files\include\SDK</Filter>
    </ClInclude>
    <ClInclude Include="include\SDK\include\SoT_Cooking_enums.h">
      <Filter>Header Files\include\SDK</Filter>
    </ClInclude>
    <ClInclude Include="include\SDK\include\SoT_Cooking_structs.h">
      <Filter>Header Files\include\SDK</Filter>
    </ClInclude>
    <ClInclude Include="include\SDK\include\SoT_CoreUObject_classes.h">
      <Filter>Header Files\include\SDK</Filter>
    </ClInclude>
    <ClInclude Include="include\SDK\include\SoT_CoreUObject_enums.h">
      <Filter>Header Files\include\SDK</Filter>
    </ClInclude>
    <ClInclude Include="include\SDK\include\SoT_CoreUObject_structs.h">
      <Filter>Header Files\include\SDK</Filter>
    </ClInclude>
    <ClInclude Include="include\SDK\include\SoT_DebugMenu_classes.h">
      <Filter>Header Files\include\SDK</Filter>
    </ClInclude>
    <ClInclude Include="include\SDK\include\SoT_DebugMenu_structs.h">
      <Filter>Header Files\include\SDK</Filter>
    </ClInclude>
    <ClInclude Include="include\SDK\include\SoT_DeliverableFramework_classes.h">
      <Filter>Header Files\include\SDK</Filter>
    </ClInclude>
    <ClInclude Include="include\SDK\include\SoT_DeliverableFramework_structs.h">
      <Filter>Header Files\include\SDK</Filter>
    </ClInclude>
    <ClInclude Include="include\SDK\include\SoT_EmissaryFramework_classes.h">
      <Filter>Header Files\include\SDK</Filter>
    </ClInclude>
    <ClInclude Include="include\SDK\include\SoT_EmissaryFramework_enums.h">
      <Filter>Header Files\include\SDK</Filter>
    </ClInclude>
    <ClInclude Include="include\SDK\include\SoT_EmissaryFramework_structs.h">
      <Filter>Header Files\include\SDK</Filter>
    </ClInclude>
    <ClInclude Include="include\SDK\include\SoT_EmissaryLevel_classes.h">
      <Filter>Header Files\include\SDK</Filter>
    </ClInclude>
    <ClInclude Include="include\SDK\include\SoT_EmissaryLevel_enums.h">
      <Filter>Header Files\include\SDK</Filter>
    </ClInclude>
    <ClInclude Include="include\SDK\include\SoT_EmissaryLevel_structs.h">
      <Filter>Header Files\include\SDK</Filter>
    </ClInclude>
    <ClInclude Include="include\SDK\include\SoT_EmotingFramework_classes.h">
      <Filter>Header Files\include\SDK</Filter>
    </ClInclude>
    <ClInclude Include="include\SDK\include\SoT_EmotingFramework_enums.h">
      <Filter>Header Files\include\SDK</Filter>
    </ClInclude>
    <ClInclude Include="include\SDK\include\SoT_EmotingFramework_structs.h">
      <Filter>Header Files\include\SDK</Filter>
    </ClInclude>
    <ClInclude Include="include\SDK\include\SoT_EnchantedCompass_classes.h">
      <Filter>Header Files\include\SDK</Filter>
    </ClInclude>
    <ClInclude Include="include\SDK\include\SoT_EnchantedCompass_enums.h">
      <Filter>Header Files\include\SDK</Filter>
    </ClInclude>
    <ClInclude Include="include\SDK\include\SoT_EnchantedCompass_structs.h">
      <Filter>Header Files\include\SDK</Filter>
    </ClInclude>
    <ClInclude Include="include\SDK\include\SoT_Engine_classes.h">
      <Filter>Header Files\include\SDK</Filter>
    </ClInclude>
    <ClInclude Include="include\SDK\include\SoT_Engine_enums.h">
      <Filter>Header Files\include\SDK</Filter>
    </ClInclude>
    <ClInclude Include="include\SDK\include\SoT_Engine_structs.h">
      <Filter>Header Files\include\SDK</Filter>
    </ClInclude>
    <ClInclude Include="include\SDK\include\SoT_Fire_classes.h">
      <Filter>Header Files\include\SDK</Filter>
    </ClInclude>
    <ClInclude Include="include\SDK\include\SoT_Fire_enums.h">
      <Filter>Header Files\include\SDK</Filter>
    </ClInclude>
    <ClInclude Include="include\SDK\include\SoT_Fire_structs.h">
      <Filter>Header Files\include\SDK</Filter>
    </ClInclude>
    <ClInclude Include="include\SDK\include\SoT_GameplayDebugger_classes.h">
      <Filter>Header Files\include\SDK</Filter>
    </ClInclude>
    <ClInclude Include="include\SDK\include\SoT_GameplayDebugger_enums.h">
      <Filter>Header Files\include\SDK</Filter>
    </ClInclude>
    <ClInclude Include="include\SDK\include\SoT_GameplayDebugger_structs.h">
      <Filter>Header Files\include\SDK</Filter>
    </ClInclude>
    <ClInclude Include="include\SDK\include\SoT_GameplayTags_classes.h">
      <Filter>Header Files\include\SDK</Filter>
    </ClInclude>
    <ClInclude Include="include\SDK\include\SoT_GameplayTags_enums.h">
      <Filter>Header Files\include\SDK</Filter>
    </ClInclude>
    <ClInclude Include="include\SDK\include\SoT_GameplayTags_structs.h">
      <Filter>Header Files\include\SDK</Filter>
    </ClInclude>
    <ClInclude Include="include\SDK\include\SoT_GameplayTasks_classes.h">
      <Filter>Header Files\include\SDK</Filter>
    </ClInclude>
    <ClInclude Include="include\SDK\include\SoT_GameplayTasks_enums.h">
      <Filter>Header Files\include\SDK</Filter>
    </ClInclude>
    <ClInclude Include="include\SDK\include\SoT_GameplayTasks_structs.h">
      <Filter>Header Files\include\SDK</Filter>
    </ClInclude>
    <ClInclude Include="include\SDK\include\SoT_GameService_classes.h">
      <Filter>Header Files\include\SDK</Filter>
    </ClInclude>
    <ClInclude Include="include\SDK\include\SoT_GameService_structs.h">
      <Filter>Header Files\include\SDK</Filter>
    </ClInclude>
    <ClInclude Include="include\SDK\include\SoT_InputCore_classes.h">
      <Filter>Header Files\include\SDK</Filter>
    </ClInclude>
    <ClInclude Include="include\SDK\include\SoT_InputCore_enums.h">
      <Filter>Header Files\include\SDK</Filter>
    </ClInclude>
    <ClInclude Include="include\SDK\include\SoT_InputCore_structs.h">
      <Filter>Header Files\include\SDK</Filter>
    </ClInclude>
    <ClInclude Include="include\SDK\include\SoT_Interaction_classes.h">
      <Filter>Header Files\include\SDK</Filter>
    </ClInclude>
    <ClInclude Include="include\SDK\include\SoT_Interaction_enums.h">
      <Filter>Header Files\include\SDK</Filter>
    </ClInclude>
    <ClInclude Include="include\SDK\include\SoT_Interaction_structs.h">
      <Filter>Header Files\include\SDK</Filter>
    </ClInclude>
    <ClInclude Include="include\SDK\include\SoT_ItemQuality_classes.h">
      <Filter>Header Files\include\SDK</Filter>
    </ClInclude>
    <ClInclude Include="include\SDK\include\SoT_ItemQuality_enums.h">
      <Filter>Header Files\include\SDK</Filter>
    </ClInclude>
    <ClInclude Include="include\SDK\include\SoT_ItemQuality_structs.h">
      <Filter>Header Files\include\SDK</Filter>
    </ClInclude>
    <ClInclude Include="include\SDK\include\SoT_JsonUtilities_classes.h">
      <Filter>Header Files\include\SDK</Filter>
    </ClInclude>
    <ClInclude Include="include\SDK\include\SoT_JsonUtilities_enums.h">
      <Filter>Header Files\include\SDK</Filter>
    </ClInclude>
    <ClInclude Include="include\SDK\include\SoT_JsonUtilities_structs.h">
      <Filter>Header Files\include\SDK</Filter>
    </ClInclude>
    <ClInclude Include="include\SDK\include\SoT_Kraken_classes.h">
      <Filter>Header Files\include\SDK</Filter>
    </ClInclude>
    <ClInclude Include="include\SDK\include\SoT_Kraken_enums.h">
      <Filter>Header Files\include\SDK</Filter>
    </ClInclude>
    <ClInclude Include="include\SDK\include\SoT_Kraken_structs.h">
      <Filter>Header Files\include\SDK</Filter>
    </ClInclude>
    <ClInclude Include="include\SDK\include\SoT_Maths_classes.h">
      <Filter>Header Files\include\SDK</Filter>
    </ClInclude>
    <ClInclude Include="include\SDK\include\SoT_Maths_enums.h">
      <Filter>Header Files\include\SDK</Filter>
    </ClInclude>
    <ClInclude Include="include\SDK\include\SoT_Maths_structs.h">
      <Filter>Header Files\include\SDK</Filter>
    </ClInclude>
    <ClInclude Include="include\SDK\include\SoT_MerchantContracts_classes.h">
      <Filter>Header Files\include\SDK</Filter>
    </ClInclude>
    <ClInclude Include="include\SDK\include\SoT_MerchantContracts_structs.h">
      <Filter>Header Files\include\SDK</Filter>
    </ClInclude>
    <ClInclude Include="include\SDK\include\SoT_MovieScene_classes.h">
      <Filter>Header Files\include\SDK</Filter>
    </ClInclude>
    <ClInclude Include="include\SDK\include\SoT_MovieScene_enums.h">
      <Filter>Header Files\include\SDK</Filter>
    </ClInclude>
    <ClInclude Include="include\SDK\include\SoT_MovieScene_structs.h">
      <Filter>Header Files\include\SDK</Filter>
    </ClInclude>
    <ClInclude Include="include\SDK\include\SoT_MovieSceneTracks_classes.h">
      <Filter>Header Files\include\SDK</Filter>
    </ClInclude>
    <ClInclude Include="include\SDK\include\SoT_MovieSceneTracks_enums.h">
      <Filter>Header Files\include\SDK</Filter>
    </ClInclude>
    <ClInclude Include="include\SDK\include\SoT_MovieSceneTracks_structs.h">
      <Filter>Header Files\include\SDK</Filter>
    </ClInclude>
    <ClInclude Include="include\SDK\include\SoT_NaturalDisasters_classes.h">
      <Filter>Header Files\include\SDK</Filter>
    </ClInclude>
    <ClInclude Include="include\SDK\include\SoT_NaturalDisasters_enums.h">
      <Filter>Header Files\include\SDK</Filter>
    </ClInclude>
    <ClInclude Include="include\SDK\include\SoT_NaturalDisasters_structs.h">
      <Filter>Header Files\include\SDK</Filter>
    </ClInclude>
    <ClInclude Include="include\SDK\include\SoT_ObjectMessaging_classes.h">
      <Filter>Header Files\include\SDK</Filter>
    </ClInclude>
    <ClInclude Include="include\SDK\include\SoT_ObjectMessaging_structs.h">
      <Filter>Header Files\include\SDK</Filter>
    </ClInclude>
    <ClInclude Include="include\SDK\include\SoT_Pets_classes.h">
      <Filter>Header Files\include\SDK</Filter>
    </ClInclude>
    <ClInclude Include="include\SDK\include\SoT_Pets_enums.h">
      <Filter>Header Files\include\SDK</Filter>
    </ClInclude>
    <ClInclude Include="include\SDK\include\SoT_Pets_structs.h">
      <Filter>Header Files\include\SDK</Filter>
    </ClInclude>
    <ClInclude Include="include\SDK\include\SoT_PirateGenerator_classes.h">
      <Filter>Header Files\include\SDK</Filter>
    </ClInclude>
    <ClInclude Include="include\SDK\include\SoT_PirateGenerator_enums.h">
      <Filter>Header Files\include\SDK</Filter>
    </ClInclude>
    <ClInclude Include="include\SDK\include\SoT_PirateGenerator_structs.h">
      <Filter>Header Files\include\SDK</Filter>
    </ClInclude>
    <ClInclude Include="include\SDK\include\SoT_PositionalVoice_classes.h">
      <Filter>Header Files\include\SDK</Filter>
    </ClInclude>
    <ClInclude Include="include\SDK\include\SoT_PositionalVoice_enums.h">
      <Filter>Header Files\include\SDK</Filter>
    </ClInclude>
    <ClInclude Include="include\SDK\include\SoT_PositionalVoice_structs.h">
      <Filter>Header Files\include\SDK</Filter>
    </ClInclude>
    <ClInclude Include="include\SDK\include\SoT_PrioritisedPrompts_classes.h">
      <Filter>Header Files\include\SDK</Filter>
    </ClInclude>
    <ClInclude Include="include\SDK\include\SoT_PrioritisedPrompts_enums.h">
      <Filter>Header Files\include\SDK</Filter>
    </ClInclude>
    <ClInclude Include="include\SDK\include\SoT_PrioritisedPrompts_structs.h">
      <Filter>Header Files\include\SDK</Filter>
    </ClInclude>
    <ClInclude Include="include\SDK\include\SoT_RareAudio_classes.h">
      <Filter>Header Files\include\SDK</Filter>
    </ClInclude>
    <ClInclude Include="include\SDK\include\SoT_RareAudio_enums.h">
      <Filter>Header Files\include\SDK</Filter>
    </ClInclude>
    <ClInclude Include="include\SDK\include\SoT_RareAudio_structs.h">
      <Filter>Header Files\include\SDK</Filter>
    </ClInclude>
    <ClInclude Include="include\SDK\include\SoT_RareEngine_classes.h">
      <Filter>Header Files\include\SDK</Filter>
    </ClInclude>
    <ClInclude Include="include\SDK\include\SoT_RareEngine_enums.h">
      <Filter>Header Files\include\SDK</Filter>
    </ClInclude>
    <ClInclude Include="include\SDK\include\SoT_RareEngine_structs.h">
      <Filter>Header Files\include\SDK</Filter>
    </ClInclude>
    <ClInclude Include="include\SDK\include\SoT_Repair_classes.h">
      <Filter>Header Files\include\SDK</Filter>
    </ClInclude>
    <ClInclude Include="include\SDK\include\SoT_Repair_enums.h">
      <Filter>Header Files\include\SDK</Filter>
    </ClInclude>
    <ClInclude Include="include\SDK\include\SoT_Repair_structs.h">
      <Filter>Header Files\include\SDK</Filter>
    </ClInclude>
    <ClInclude Include="include\SDK\include\SoT_ResourceContentionFramework_classes.h">
      <Filter>Header Files\include\SDK</Filter>
    </ClInclude>
    <ClInclude Include="include\SDK\include\SoT_ResourceContentionFramework_structs.h">
      <Filter>Header Files\include\SDK</Filter>
    </ClInclude>
    <ClInclude Include="include\SDK\include\SoT_Retraction_classes.h">
      <Filter>Header Files\include\SDK</Filter>
    </ClInclude>
    <ClInclude Include="include\SDK\include\SoT_Retraction_structs.h">
      <Filter>Header Files\include\SDK</Filter>
    </ClInclude>
    <ClInclude Include="include\SDK\include\SoT_Reviving_classes.h">
      <Filter>Header Files\include\SDK</Filter>
    </ClInclude>
    <ClInclude Include="include\SDK\include\SoT_Reviving_enums.h">
      <Filter>Header Files\include\SDK</Filter>
    </ClInclude>
    <ClInclude Include="include\SDK\include\SoT_Reviving_structs.h">
      <Filter>Header Files\include\SDK</Filter>
    </ClInclude>
    <ClInclude Include="include\SDK\include\SoT_Sessions_classes.h">
      <Filter>Header Files\include\SDK</Filter>
    </ClInclude>
    <ClInclude Include="include\SDK\include\SoT_Sessions_enums.h">
      <Filter>Header Files\include\SDK</Filter>
    </ClInclude>
    <ClInclude Include="include\SDK\include\SoT_Sessions_structs.h">
      <Filter>Header Files\include\SDK</Filter>
    </ClInclude>
    <ClInclude Include="include\SDK\include\SoT_ShipDamage_classes.h">
      <Filter>Header Files\include\SDK</Filter>
    </ClInclude>
    <ClInclude Include="include\SDK\include\SoT_ShipDamage_enums.h">
      <Filter>Header Files\include\SDK</Filter>
    </ClInclude>
    <ClInclude Include="include\SDK\include\SoT_ShipDamage_structs.h">
      <Filter>Header Files\include\SDK</Filter>
    </ClInclude>
    <ClInclude Include="include\SDK\include\SoT_Slate_classes.h">
      <Filter>Header Files\include\SDK</Filter>
    </ClInclude>
    <ClInclude Include="include\SDK\include\SoT_Slate_enums.h">
      <Filter>Header Files\include\SDK</Filter>
    </ClInclude>
    <ClInclude Include="include\SDK\include\SoT_Slate_structs.h">
      <Filter>Header Files\include\SDK</Filter>
    </ClInclude>
    <ClInclude Include="include\SDK\include\SoT_SlateCore_classes.h">
      <Filter>Header Files\include\SDK</Filter>
    </ClInclude>
    <ClInclude Include="include\SDK\include\SoT_SlateCore_enums.h">
      <Filter>Header Files\include\SDK</Filter>
    </ClInclude>
    <ClInclude Include="include\SDK\include\SoT_SlateCore_structs.h">
      <Filter>Header Files\include\SDK</Filter>
    </ClInclude>
    <ClInclude Include="include\SDK\include\SoT_StatusEffects_classes.h">
      <Filter>Header Files\include\SDK</Filter>
    </ClInclude>
    <ClInclude Include="include\SDK\include\SoT_StatusEffects_structs.h">
      <Filter>Header Files\include\SDK</Filter>
    </ClInclude>
    <ClInclude Include="include\SDK\include\SoT_StudiosAutomation_classes.h">
      <Filter>Header Files\include\SDK</Filter>
    </ClInclude>
    <ClInclude Include="include\SDK\include\SoT_StudiosAutomation_enums.h">
      <Filter>Header Files\include\SDK</Filter>
    </ClInclude>
    <ClInclude Include="include\SDK\include\SoT_StudiosAutomation_structs.h">
      <Filter>Header Files\include\SDK</Filter>
    </ClInclude>
    <ClInclude Include="include\SDK\include\SoT_Tales_classes.h">
      <Filter>Header Files\include\SDK</Filter>
    </ClInclude>
    <ClInclude Include="include\SDK\include\SoT_Tales_enums.h">
      <Filter>Header Files\include\SDK</Filter>
    </ClInclude>
    <ClInclude Include="include\SDK\include\SoT_Tales_structs.h">
      <Filter>Header Files\include\SDK</Filter>
    </ClInclude>
    <ClInclude Include="include\SDK\include\SoT_Tethering_classes.h">
      <Filter>Header Files\include\SDK</Filter>
    </ClInclude>
    <ClInclude Include="include\SDK\include\SoT_Tethering_enums.h">
      <Filter>Header Files\include\SDK</Filter>
    </ClInclude>
    <ClInclude Include="include\SDK\include\SoT_Tethering_structs.h">
      <Filter>Header Files\include\SDK</Filter>
    </ClInclude>
    <ClInclude Include="include\SDK\include\SoT_Time_classes.h">
      <Filter>Header Files\include\SDK</Filter>
    </ClInclude>
    <ClInclude Include="include\SDK\include\SoT_Time_enums.h">
      <Filter>Header Files\include\SDK</Filter>
    </ClInclude>
    <ClInclude Include="include\SDK\include\SoT_Time_structs.h">
      <Filter>Header Files\include\SDK</Filter>
    </ClInclude>
    <ClInclude Include="include\SDK\include\SoT_UMG_classes.h">
      <Filter>Header Files\include\SDK</Filter>
    </ClInclude>
    <ClInclude Include="include\SDK\include\SoT_UMG_enums.h">
      <Filter>Header Files\include\SDK</Filter>
    </ClInclude>
    <ClInclude Include="include\SDK\include\SoT_UMG_structs.h">
      <Filter>Header Files\include\SDK</Filter>
    </ClInclude>
    <ClInclude Include="include\SDK\include\SoT_Water_classes.h">
      <Filter>Header Files\include\SDK</Filter>
    </ClInclude>
    <ClInclude Include="include\SDK\include\SoT_Water_enums.h">
      <Filter>Header Files\include\SDK</Filter>
    </ClInclude>
    <ClInclude Include="include\SDK\include\SoT_Water_structs.h">
      <Filter>Header Files\include\SDK</Filter>
    </ClInclude>
    <ClInclude Include="include\SDK\include\SoT_Watercrafts_classes.h">
      <Filter>Header Files\include\SDK</Filter>
    </ClInclude>
    <ClInclude Include="include\SDK\include\SoT_Watercrafts_enums.h">
      <Filter>Header Files\include\SDK</Filter>
    </ClInclude>
    <ClInclude Include="include\SDK\include\SoT_Watercrafts_structs.h">
      <Filter>Header Files\include\SDK</Filter>
    </ClInclude>
    <ClInclude Include="include\SDK\include\SoT_Wind_classes.h">
      <Filter>Header Files\include\SDK</Filter>
    </ClInclude>
    <ClInclude Include="include\SDK\include\SoT_Wind_structs.h">
      <Filter>Header Files\include\SDK</Filter>
    </ClInclude>
    <ClInclude Include="include\SDK\include\SoT_WwiseAudio_classes.h">
      <Filter>Header Files\include\SDK</Filter>
    </ClInclude>
    <ClInclude Include="include\SDK\include\SoT_WwiseAudio_enums.h">
      <Filter>Header Files\include\SDK</Filter>
    </ClInclude>
    <ClInclude Include="include\SDK\include\SoT_WwiseAudio_structs.h">
      <Filter>Header Files\include\SDK</Filter>
    </ClInclude>
    <ClInclude Include="include\XorStr\xorstr.h">
      <Filter>Header Files\include\XorStr</Filter>
    </ClInclude>
    <ClInclude Include="include\SDK\include\SoT_AthenaSocketLookup_classes.h">
      <Filter>Header Files\include\SDK</Filter>
    </ClInclude>
    <ClInclude Include="include\SDK\include\SoT_AthenaSocketLookup_structs.h">
      <Filter>Header Files\include\SDK</Filter>
    </ClInclude>
    <ClInclude Include="include\SDK\include\SoT_Commons.h">
      <Filter>Header Files\include\SDK</Filter>
    </ClInclude>
    <ClInclude Include="SeaOfRats.h">
      <Filter>Header Files</Filter>
    </ClInclude>
    <ClInclude Include="Hooks\DirectX.h">
      <Filter>Header Files\Hooks</Filter>
    </ClInclude>
    <ClInclude Include="Hooks\Game.h">
      <Filter>Header Files\Hooks</Filter>
    </ClInclude>
    <ClInclude Include="Hacks\Drawing.h">
      <Filter>Header Files\Hacks</Filter>
    </ClInclude>
    <ClInclude Include="Hacks\Hacks.h">
      <Filter>Header Files\Hacks</Filter>
    </ClInclude>
    <ClInclude Include="Hacks\Aimbot.h">
      <Filter>Header Files\Hacks</Filter>
    </ClInclude>
  </ItemGroup>
</Project>