<?xml version="1.0" encoding="utf-8"?>
<Project ToolsVersion="4.0" xmlns="http://schemas.microsoft.com/developer/msbuild/2003">
  <ItemGroup>
    <Filter Include="Source Files">
      <UniqueIdentifier>{4FC737F1-C7A5-4376-A066-2A32D752A2FF}</UniqueIdentifier>
      <Extensions>cpp;c;cc;cxx;c++;def;odl;idl;hpj;bat;asm;asmx</Extensions>
    </Filter>
    <Filter Include="Header Files">
      <UniqueIdentifier>{93995380-89BD-4b04-88EB-625FBE52EBFB}</UniqueIdentifier>
      <Extensions>h;hh;hpp;hxx;h++;hm;inl;inc;ipp;xsd</Extensions>
    </Filter>
    <Filter Include="Resource Files">
      <UniqueIdentifier>{67DA6AB6-F800-4c08-8B7A-83BB121AAD01}</UniqueIdentifier>
      <Extensions>rc;ico;cur;bmp;dlg;rc2;rct;bin;rgs;gif;jpg;jpeg;jpe;resx;tiff;tif;png;wav;mfcribbon-ms</Extensions>
    </Filter>
    <Filter Include="Header Files\include">
      <UniqueIdentifier>{adbda59b-d4c1-431b-adb3-ff3cd34ad435}</UniqueIdentifier>
    </Filter>
    <Filter Include="Header Files\include\spdlog">
      <UniqueIdentifier>{b34cd3c7-70bd-423f-af22-76e6697b0e26}</UniqueIdentifier>
    </Filter>
    <Filter Include="Header Files\include\imgui">
      <UniqueIdentifier>{f7925948-c10d-4927-99bc-e8a0170d1ee3}</UniqueIdentifier>
    </Filter>
    <Filter Include="Source Files\include">
      <UniqueIdentifier>{9334c830-1ba8-4336-a5a2-88bc6450c537}</UniqueIdentifier>
    </Filter>
    <Filter Include="Source Files\include\imgui">
      <UniqueIdentifier>{fd4f9234-a86a-483a-8ccb-7b8264a0f9c0}</UniqueIdentifier>
    </Filter>
    <Filter Include="Source Files\Utilities">
      <UniqueIdentifier>{2896faff-87e1-4231-a9dd-71650ac21cf8}</UniqueIdentifier>
    </Filter>
    <Filter Include="Header Files\Utilities">
      <UniqueIdentifier>{094d8a29-d872-445d-be45-3d87fcadc654}</UniqueIdentifier>
    </Filter>
    <Filter Include="Header Files\Hacks">
      <UniqueIdentifier>{0a9a6171-2ae8-4a9b-a435-ffaa84daf27a}</UniqueIdentifier>
    </Filter>
    <Filter Include="Source Files\Hacks">
      <UniqueIdentifier>{d47a0456-a03b-47d3-b014-41bfe8b7c530}</UniqueIdentifier>
    </Filter>
    <Filter Include="Header Files\include\SDK">
      <UniqueIdentifier>{edc8861f-c6fe-4e29-9d96-35aa66665026}</UniqueIdentifier>
    </Filter>
    <Filter Include="Source Files\include\SDK">
      <UniqueIdentifier>{670bee64-0b5d-46ac-bb02-9c878b47ae30}</UniqueIdentifier>
    </Filter>
    <Filter Include="Source Files\include\SDK\SoT">
      <UniqueIdentifier>{becc6dae-c565-40be-a662-ac13fc5939cd}</UniqueIdentifier>
    </Filter>
    <Filter Include="Source Files\include\SDK\UE4">
      <UniqueIdentifier>{c08e22d0-681a-4aed-bf94-9f218d545c18}</UniqueIdentifier>
    </Filter>
    <Filter Include="Header Files\include\SDK\UE4">
      <UniqueIdentifier>{e355ef53-c5da-4e94-a417-e3a4b1cbfb81}</UniqueIdentifier>
    </Filter>
    <Filter Include="Header Files\include\SDK\SoT">
      <UniqueIdentifier>{e6c7b811-767d-4b26-b9ef-73dae0bbeb0b}</UniqueIdentifier>
    </Filter>
    <Filter Include="Header Files\Hacks\ESP">
      <UniqueIdentifier>{a1771dd0-0b72-45c8-bdec-36d9db873276}</UniqueIdentifier>
    </Filter>
    <Filter Include="Header Files\Hacks\Info">
      <UniqueIdentifier>{29d392b0-1527-47bd-9b98-cb2c3ff09330}</UniqueIdentifier>
    </Filter>
    <Filter Include="Source Files\Hacks\ESP">
      <UniqueIdentifier>{afc69324-8758-4abb-8d97-b81c3213609e}</UniqueIdentifier>
    </Filter>
    <Filter Include="Source Files\Hacks\Info">
      <UniqueIdentifier>{944958cd-8c8a-44e2-87e0-044754210149}</UniqueIdentifier>
    </Filter>
    <Filter Include="Header Files\Hacks\Aimbot">
      <UniqueIdentifier>{daf262a2-c6fc-4438-ab61-04870093f577}</UniqueIdentifier>
    </Filter>
    <Filter Include="Source Files\Hacks\Aimbot">
      <UniqueIdentifier>{172af2e5-45ef-4c63-980b-133a59a68a8a}</UniqueIdentifier>
    </Filter>
  </ItemGroup>
  <ItemGroup>
    <ClCompile Include="dllmain.cpp">
      <Filter>Source Files</Filter>
    </ClCompile>
    <ClCompile Include="include\imgui\imgui.cpp">
      <Filter>Source Files\include\imgui</Filter>
    </ClCompile>
    <ClCompile Include="include\imgui\imgui_draw.cpp">
      <Filter>Source Files\include\imgui</Filter>
    </ClCompile>
    <ClCompile Include="include\imgui\imgui_impl_dx11.cpp">
      <Filter>Source Files\include\imgui</Filter>
    </ClCompile>
    <ClCompile Include="include\imgui\imgui_impl_win32.cpp">
      <Filter>Source Files\include\imgui</Filter>
    </ClCompile>
    <ClCompile Include="include\imgui\imgui_widgets.cpp">
      <Filter>Source Files\include\imgui</Filter>
    </ClCompile>
    <ClCompile Include="Utilities\Memory.cpp">
      <Filter>Source Files\Utilities</Filter>
    </ClCompile>
    <ClCompile Include="Utilities\Hooking.cpp">
      <Filter>Source Files\Utilities</Filter>
    </ClCompile>
    <ClCompile Include="Config.cpp">
      <Filter>Source Files</Filter>
    </ClCompile>
    <ClCompile Include="Hacks\ESP.cpp">
      <Filter>Source Files\Hacks</Filter>
    </ClCompile>
    <ClCompile Include="SeaOfRats.cpp">
      <Filter>Source Files</Filter>
    </ClCompile>
    <ClCompile Include="Hacks\Hacks.cpp">
      <Filter>Source Files\Hacks</Filter>
    </ClCompile>
    <ClCompile Include="Hacks\Bones.cpp">
      <Filter>Source Files\Hacks</Filter>
    </ClCompile>
    <ClCompile Include="include\imgui\imgui_tables.cpp">
      <Filter>Source Files\include\imgui</Filter>
    </ClCompile>
    <ClCompile Include="include\SDK\UE4\Basic.cpp">
      <Filter>Source Files\include\SDK\UE4</Filter>
    </ClCompile>
    <ClCompile Include="include\SDK\UE4\CoreUObject.cpp">
      <Filter>Source Files\include\SDK\UE4</Filter>
    </ClCompile>
    <ClCompile Include="include\SDK\UE4\UE4.cpp">
      <Filter>Source Files\include\SDK\UE4</Filter>
    </ClCompile>
    <ClCompile Include="include\SDK\SoT\Athena.cpp">
      <Filter>Source Files\include\SDK\SoT</Filter>
    </ClCompile>
    <ClCompile Include="include\SDK\SoT\Engine.cpp">
      <Filter>Source Files\include\SDK\SoT</Filter>
    </ClCompile>
    <ClCompile Include="include\SDK\SoT\Maths.cpp">
      <Filter>Source Files\include\SDK\SoT</Filter>
    </ClCompile>
    <ClCompile Include="Hooks.cpp">
      <Filter>Source Files</Filter>
    </ClCompile>
    <ClCompile Include="Drawing.cpp">
      <Filter>Source Files</Filter>
    </ClCompile>
    <ClCompile Include="GUI.cpp">
      <Filter>Source Files</Filter>
    </ClCompile>
    <ClCompile Include="Hacks\ESP\Animal.cpp">
      <Filter>Source Files\Hacks\ESP</Filter>
    </ClCompile>
    <ClCompile Include="Hacks\ESP\Item.cpp">
      <Filter>Source Files\Hacks\ESP</Filter>
    </ClCompile>
    <ClCompile Include="Hacks\ESP\Map.cpp">
      <Filter>Source Files\Hacks\ESP</Filter>
    </ClCompile>
    <ClCompile Include="Hacks\ESP\Mermaid.cpp">
      <Filter>Source Files\Hacks\ESP</Filter>
    </ClCompile>
    <ClCompile Include="Hacks\ESP\Player.cpp">
      <Filter>Source Files\Hacks\ESP</Filter>
    </ClCompile>
    <ClCompile Include="Hacks\ESP\Ship.cpp">
      <Filter>Source Files\Hacks\ESP</Filter>
    </ClCompile>
    <ClCompile Include="Hacks\ESP\Skeleton.cpp">
      <Filter>Source Files\Hacks\ESP</Filter>
    </ClCompile>
    <ClCompile Include="Hacks\Info\PlayerList.cpp">
      <Filter>Source Files\Hacks\Info</Filter>
    </ClCompile>
    <ClCompile Include="Hacks\Info\Anchor.cpp">
      <Filter>Source Files\Hacks\Info</Filter>
    </ClCompile>
    <ClCompile Include="Hacks\Info\Compass.cpp">
      <Filter>Source Files\Hacks\Info</Filter>
    </ClCompile>
    <ClCompile Include="Hacks\Info\Oxygen.cpp">
      <Filter>Source Files\Hacks\Info</Filter>
    </ClCompile>
    <ClCompile Include="Hacks\Info\WaterLevel.cpp">
      <Filter>Source Files\Hacks\Info</Filter>
    </ClCompile>
    <ClCompile Include="Hacks\Aimbot\Player.cpp">
      <Filter>Source Files\Hacks\Aimbot</Filter>
    </ClCompile>
    <ClCompile Include="Hacks\Aimbot\Cannon.cpp">
      <Filter>Source Files\Hacks\Aimbot</Filter>
    </ClCompile>
    <ClCompile Include="Hacks\Info\Debug.cpp">
      <Filter>Source Files\Hacks\Info</Filter>
    </ClCompile>
    <ClCompile Include="Hacks\ESP\LoreBook.cpp">
      <Filter>Source Files\Hacks\ESP</Filter>
    </ClCompile>
  </ItemGroup>
  <ItemGroup>
    <ClInclude Include="include\spdlog\sinks\android_sink.h">
      <Filter>Header Files\include\spdlog</Filter>
    </ClInclude>
    <ClInclude Include="include\spdlog\sinks\ansicolor_sink.h">
      <Filter>Header Files\include\spdlog</Filter>
    </ClInclude>
    <ClInclude Include="include\spdlog\sinks\ansicolor_sink-inl.h">
      <Filter>Header Files\include\spdlog</Filter>
    </ClInclude>
    <ClInclude Include="include\spdlog\cfg\argv.h">
      <Filter>Header Files\include\spdlog</Filter>
    </ClInclude>
    <ClInclude Include="include\spdlog\async.h">
      <Filter>Header Files\include\spdlog</Filter>
    </ClInclude>
    <ClInclude Include="include\spdlog\async_logger.h">
      <Filter>Header Files\include\spdlog</Filter>
    </ClInclude>
    <ClInclude Include="include\spdlog\async_logger-inl.h">
      <Filter>Header Files\include\spdlog</Filter>
    </ClInclude>
    <ClInclude Include="include\spdlog\details\backtracer.h">
      <Filter>Header Files\include\spdlog</Filter>
    </ClInclude>
    <ClInclude Include="include\spdlog\details\backtracer-inl.h">
      <Filter>Header Files\include\spdlog</Filter>
    </ClInclude>
    <ClInclude Include="include\spdlog\sinks\base_sink.h">
      <Filter>Header Files\include\spdlog</Filter>
    </ClInclude>
    <ClInclude Include="include\spdlog\sinks\base_sink-inl.h">
      <Filter>Header Files\include\spdlog</Filter>
    </ClInclude>
    <ClInclude Include="include\spdlog\sinks\basic_file_sink.h">
      <Filter>Header Files\include\spdlog</Filter>
    </ClInclude>
    <ClInclude Include="include\spdlog\sinks\basic_file_sink-inl.h">
      <Filter>Header Files\include\spdlog</Filter>
    </ClInclude>
    <ClInclude Include="include\spdlog\fmt\bin_to_hex.h">
      <Filter>Header Files\include\spdlog</Filter>
    </ClInclude>
    <ClInclude Include="include\spdlog\fmt\bundled\chrono.h">
      <Filter>Header Files\include\spdlog</Filter>
    </ClInclude>
    <ClInclude Include="include\spdlog\details\circular_q.h">
      <Filter>Header Files\include\spdlog</Filter>
    </ClInclude>
    <ClInclude Include="include\spdlog\fmt\bundled\color.h">
      <Filter>Header Files\include\spdlog</Filter>
    </ClInclude>
    <ClInclude Include="include\spdlog\common.h">
      <Filter>Header Files\include\spdlog</Filter>
    </ClInclude>
    <ClInclude Include="include\spdlog\common-inl.h">
      <Filter>Header Files\include\spdlog</Filter>
    </ClInclude>
    <ClInclude Include="include\spdlog\fmt\bundled\compile.h">
      <Filter>Header Files\include\spdlog</Filter>
    </ClInclude>
    <ClInclude Include="include\spdlog\details\console_globals.h">
      <Filter>Header Files\include\spdlog</Filter>
    </ClInclude>
    <ClInclude Include="include\spdlog\fmt\bundled\core.h">
      <Filter>Header Files\include\spdlog</Filter>
    </ClInclude>
    <ClInclude Include="include\spdlog\sinks\daily_file_sink.h">
      <Filter>Header Files\include\spdlog</Filter>
    </ClInclude>
    <ClInclude Include="include\spdlog\sinks\dist_sink.h">
      <Filter>Header Files\include\spdlog</Filter>
    </ClInclude>
    <ClInclude Include="include\spdlog\sinks\dup_filter_sink.h">
      <Filter>Header Files\include\spdlog</Filter>
    </ClInclude>
    <ClInclude Include="include\spdlog\cfg\env.h">
      <Filter>Header Files\include\spdlog</Filter>
    </ClInclude>
    <ClInclude Include="include\spdlog\details\file_helper.h">
      <Filter>Header Files\include\spdlog</Filter>
    </ClInclude>
    <ClInclude Include="include\spdlog\details\file_helper-inl.h">
      <Filter>Header Files\include\spdlog</Filter>
    </ClInclude>
    <ClInclude Include="include\spdlog\fmt\fmt.h">
      <Filter>Header Files\include\spdlog</Filter>
    </ClInclude>
    <ClInclude Include="include\spdlog\details\fmt_helper.h">
      <Filter>Header Files\include\spdlog</Filter>
    </ClInclude>
    <ClInclude Include="include\spdlog\fmt\bundled\format.h">
      <Filter>Header Files\include\spdlog</Filter>
    </ClInclude>
    <ClInclude Include="include\spdlog\fmt\bundled\format-inl.h">
      <Filter>Header Files\include\spdlog</Filter>
    </ClInclude>
    <ClInclude Include="include\spdlog\formatter.h">
      <Filter>Header Files\include\spdlog</Filter>
    </ClInclude>
    <ClInclude Include="include\spdlog\fwd.h">
      <Filter>Header Files\include\spdlog</Filter>
    </ClInclude>
    <ClInclude Include="include\spdlog\cfg\helpers.h">
      <Filter>Header Files\include\spdlog</Filter>
    </ClInclude>
    <ClInclude Include="include\spdlog\cfg\helpers-inl.h">
      <Filter>Header Files\include\spdlog</Filter>
    </ClInclude>
    <ClInclude Include="include\spdlog\fmt\bundled\locale.h">
      <Filter>Header Files\include\spdlog</Filter>
    </ClInclude>
    <ClInclude Include="include\spdlog\cfg\log_levels.h">
      <Filter>Header Files\include\spdlog</Filter>
    </ClInclude>
    <ClInclude Include="include\spdlog\details\log_msg.h">
      <Filter>Header Files\include\spdlog</Filter>
    </ClInclude>
    <ClInclude Include="include\spdlog\details\log_msg_buffer.h">
      <Filter>Header Files\include\spdlog</Filter>
    </ClInclude>
    <ClInclude Include="include\spdlog\details\log_msg_buffer-inl.h">
      <Filter>Header Files\include\spdlog</Filter>
    </ClInclude>
    <ClInclude Include="include\spdlog\details\log_msg-inl.h">
      <Filter>Header Files\include\spdlog</Filter>
    </ClInclude>
    <ClInclude Include="include\spdlog\logger.h">
      <Filter>Header Files\include\spdlog</Filter>
    </ClInclude>
    <ClInclude Include="include\spdlog\logger-inl.h">
      <Filter>Header Files\include\spdlog</Filter>
    </ClInclude>
    <ClInclude Include="include\spdlog\details\mpmc_blocking_q.h">
      <Filter>Header Files\include\spdlog</Filter>
    </ClInclude>
    <ClInclude Include="include\spdlog\sinks\msvc_sink.h">
      <Filter>Header Files\include\spdlog</Filter>
    </ClInclude>
    <ClInclude Include="include\spdlog\details\null_mutex.h">
      <Filter>Header Files\include\spdlog</Filter>
    </ClInclude>
    <ClInclude Include="include\spdlog\sinks\null_sink.h">
      <Filter>Header Files\include\spdlog</Filter>
    </ClInclude>
    <ClInclude Include="include\spdlog\details\os.h">
      <Filter>Header Files\include\spdlog</Filter>
    </ClInclude>
    <ClInclude Include="include\spdlog\details\os-inl.h">
      <Filter>Header Files\include\spdlog</Filter>
    </ClInclude>
    <ClInclude Include="include\spdlog\fmt\ostr.h">
      <Filter>Header Files\include\spdlog</Filter>
    </ClInclude>
    <ClInclude Include="include\spdlog\fmt\bundled\ostream.h">
      <Filter>Header Files\include\spdlog</Filter>
    </ClInclude>
    <ClInclude Include="include\spdlog\sinks\ostream_sink.h">
      <Filter>Header Files\include\spdlog</Filter>
    </ClInclude>
    <ClInclude Include="include\spdlog\pattern_formatter.h">
      <Filter>Header Files\include\spdlog</Filter>
    </ClInclude>
    <ClInclude Include="include\spdlog\pattern_formatter-inl.h">
      <Filter>Header Files\include\spdlog</Filter>
    </ClInclude>
    <ClInclude Include="include\spdlog\details\periodic_worker.h">
      <Filter>Header Files\include\spdlog</Filter>
    </ClInclude>
    <ClInclude Include="include\spdlog\details\periodic_worker-inl.h">
      <Filter>Header Files\include\spdlog</Filter>
    </ClInclude>
    <ClInclude Include="include\spdlog\fmt\bundled\posix.h">
      <Filter>Header Files\include\spdlog</Filter>
    </ClInclude>
    <ClInclude Include="include\spdlog\fmt\bundled\printf.h">
      <Filter>Header Files\include\spdlog</Filter>
    </ClInclude>
    <ClInclude Include="include\spdlog\fmt\bundled\ranges.h">
      <Filter>Header Files\include\spdlog</Filter>
    </ClInclude>
    <ClInclude Include="include\spdlog\details\registry.h">
      <Filter>Header Files\include\spdlog</Filter>
    </ClInclude>
    <ClInclude Include="include\spdlog\details\registry-inl.h">
      <Filter>Header Files\include\spdlog</Filter>
    </ClInclude>
    <ClInclude Include="include\spdlog\sinks\ringbuffer_sink.h">
      <Filter>Header Files\include\spdlog</Filter>
    </ClInclude>
    <ClInclude Include="include\spdlog\sinks\rotating_file_sink.h">
      <Filter>Header Files\include\spdlog</Filter>
    </ClInclude>
    <ClInclude Include="include\spdlog\sinks\rotating_file_sink-inl.h">
      <Filter>Header Files\include\spdlog</Filter>
    </ClInclude>
    <ClInclude Include="include\spdlog\sinks\sink.h">
      <Filter>Header Files\include\spdlog</Filter>
    </ClInclude>
    <ClInclude Include="include\spdlog\sinks\sink-inl.h">
      <Filter>Header Files\include\spdlog</Filter>
    </ClInclude>
    <ClInclude Include="include\spdlog\spdlog.h">
      <Filter>Header Files\include\spdlog</Filter>
    </ClInclude>
    <ClInclude Include="include\spdlog\spdlog-inl.h">
      <Filter>Header Files\include\spdlog</Filter>
    </ClInclude>
    <ClInclude Include="include\spdlog\sinks\stdout_color_sinks.h">
      <Filter>Header Files\include\spdlog</Filter>
    </ClInclude>
    <ClInclude Include="include\spdlog\sinks\stdout_color_sinks-inl.h">
      <Filter>Header Files\include\spdlog</Filter>
    </ClInclude>
    <ClInclude Include="include\spdlog\sinks\stdout_sinks.h">
      <Filter>Header Files\include\spdlog</Filter>
    </ClInclude>
    <ClInclude Include="include\spdlog\sinks\stdout_sinks-inl.h">
      <Filter>Header Files\include\spdlog</Filter>
    </ClInclude>
    <ClInclude Include="include\spdlog\details\synchronous_factory.h">
      <Filter>Header Files\include\spdlog</Filter>
    </ClInclude>
    <ClInclude Include="include\spdlog\sinks\syslog_sink.h">
      <Filter>Header Files\include\spdlog</Filter>
    </ClInclude>
    <ClInclude Include="include\spdlog\sinks\systemd_sink.h">
      <Filter>Header Files\include\spdlog</Filter>
    </ClInclude>
    <ClInclude Include="include\spdlog\details\tcp_client.h">
      <Filter>Header Files\include\spdlog</Filter>
    </ClInclude>
    <ClInclude Include="include\spdlog\details\tcp_client-windows.h">
      <Filter>Header Files\include\spdlog</Filter>
    </ClInclude>
    <ClInclude Include="include\spdlog\sinks\tcp_sink.h">
      <Filter>Header Files\include\spdlog</Filter>
    </ClInclude>
    <ClInclude Include="include\spdlog\details\thread_pool.h">
      <Filter>Header Files\include\spdlog</Filter>
    </ClInclude>
    <ClInclude Include="include\spdlog\details\thread_pool-inl.h">
      <Filter>Header Files\include\spdlog</Filter>
    </ClInclude>
    <ClInclude Include="include\spdlog\tweakme.h">
      <Filter>Header Files\include\spdlog</Filter>
    </ClInclude>
    <ClInclude Include="include\spdlog\version.h">
      <Filter>Header Files\include\spdlog</Filter>
    </ClInclude>
    <ClInclude Include="include\spdlog\sinks\win_eventlog_sink.h">
      <Filter>Header Files\include\spdlog</Filter>
    </ClInclude>
    <ClInclude Include="include\spdlog\sinks\wincolor_sink.h">
      <Filter>Header Files\include\spdlog</Filter>
    </ClInclude>
    <ClInclude Include="include\spdlog\sinks\wincolor_sink-inl.h">
      <Filter>Header Files\include\spdlog</Filter>
    </ClInclude>
    <ClInclude Include="include\spdlog\details\windows_include.h">
      <Filter>Header Files\include\spdlog</Filter>
    </ClInclude>
    <ClInclude Include="include\imgui\imconfig.h">
      <Filter>Header Files\include\imgui</Filter>
    </ClInclude>
    <ClInclude Include="include\imgui\imgui.h">
      <Filter>Header Files\include\imgui</Filter>
    </ClInclude>
    <ClInclude Include="include\imgui\imgui_impl_dx11.h">
      <Filter>Header Files\include\imgui</Filter>
    </ClInclude>
    <ClInclude Include="include\imgui\imgui_impl_win32.h">
      <Filter>Header Files\include\imgui</Filter>
    </ClInclude>
    <ClInclude Include="include\imgui\imgui_internal.h">
      <Filter>Header Files\include\imgui</Filter>
    </ClInclude>
    <ClInclude Include="include\imgui\imstb_rectpack.h">
      <Filter>Header Files\include\imgui</Filter>
    </ClInclude>
    <ClInclude Include="include\imgui\imstb_textedit.h">
      <Filter>Header Files\include\imgui</Filter>
    </ClInclude>
    <ClInclude Include="include\imgui\imstb_truetype.h">
      <Filter>Header Files\include\imgui</Filter>
    </ClInclude>
    <ClInclude Include="Utilities\Memory.h">
      <Filter>Header Files\Utilities</Filter>
    </ClInclude>
    <ClInclude Include="Utilities\Hooking.h">
      <Filter>Header Files\Utilities</Filter>
    </ClInclude>
    <ClInclude Include="Config.h">
      <Filter>Header Files</Filter>
    </ClInclude>
    <ClInclude Include="SeaOfRats.h">
      <Filter>Header Files</Filter>
    </ClInclude>
    <ClInclude Include="Hacks\Hacks.h">
      <Filter>Header Files\Hacks</Filter>
    </ClInclude>
    <ClInclude Include="Hacks\Bones.h">
      <Filter>Header Files\Hacks</Filter>
    </ClInclude>
    <ClInclude Include="include\SDK\SDK.h">
      <Filter>Header Files\include\SDK</Filter>
    </ClInclude>
    <ClInclude Include="include\SDK\UE4\LinearColor.h">
      <Filter>Header Files\include\SDK\UE4</Filter>
    </ClInclude>
    <ClInclude Include="include\SDK\UE4\Math.h">
      <Filter>Header Files\include\SDK\UE4</Filter>
    </ClInclude>
    <ClInclude Include="include\SDK\UE4\Quat.h">
      <Filter>Header Files\include\SDK\UE4</Filter>
    </ClInclude>
    <ClInclude Include="include\SDK\UE4\UE4.h">
      <Filter>Header Files\include\SDK\UE4</Filter>
    </ClInclude>
    <ClInclude Include="include\SDK\UE4\Vector.h">
      <Filter>Header Files\include\SDK\UE4</Filter>
    </ClInclude>
    <ClInclude Include="include\SDK\UE4\Vector2D.h">
      <Filter>Header Files\include\SDK\UE4</Filter>
    </ClInclude>
    <ClInclude Include="include\SDK\UE4\Rotator.h">
      <Filter>Header Files\include\SDK\UE4</Filter>
    </ClInclude>
    <ClInclude Include="include\SDK\UE4\Transform.h">
      <Filter>Header Files\include\SDK\UE4</Filter>
    </ClInclude>
    <ClInclude Include="include\SDK\UE4\Matrix.h">
      <Filter>Header Files\include\SDK\UE4</Filter>
    </ClInclude>
    <ClInclude Include="include\SDK\SoT\SoT.h">
      <Filter>Header Files\include\SDK\SoT</Filter>
    </ClInclude>
    <ClInclude Include="include\SDK\UE4\Basic.h">
      <Filter>Header Files\include\SDK\UE4</Filter>
    </ClInclude>
    <ClInclude Include="include\SDK\UE4\CoreUObject.h">
      <Filter>Header Files\include\SDK\UE4</Filter>
    </ClInclude>
    <ClInclude Include="include\SDK\SoT\Engine.h">
      <Filter>Header Files\include\SDK\SoT</Filter>
    </ClInclude>
    <ClInclude Include="include\SDK\SoT\Athena.h">
      <Filter>Header Files\include\SDK\SoT</Filter>
    </ClInclude>
    <ClInclude Include="include\SDK\SoT\GameService.h">
      <Filter>Header Files\include\SDK\SoT</Filter>
    </ClInclude>
    <ClInclude Include="include\SDK\SoT\Sessions.h">
      <Filter>Header Files\include\SDK\SoT</Filter>
    </ClInclude>
    <ClInclude Include="include\SDK\UE4\Guid.h">
      <Filter>Header Files\include\SDK\UE4</Filter>
    </ClInclude>
    <ClInclude Include="include\SDK\SoT\Maths.h">
      <Filter>Header Files\include\SDK\SoT</Filter>
    </ClInclude>
    <ClInclude Include="include\SDK\SoT\InputCore.h">
      <Filter>Header Files\include\SDK\SoT</Filter>
    </ClInclude>
    <ClInclude Include="include\SDK\SoT\AthenaAI.h">
      <Filter>Header Files\include\SDK\SoT</Filter>
    </ClInclude>
    <ClInclude Include="Utilities\General.h">
      <Filter>Header Files\Utilities</Filter>
    </ClInclude>
    <ClInclude Include="Hooks.h">
      <Filter>Header Files</Filter>
    </ClInclude>
    <ClInclude Include="Drawing.h">
      <Filter>Header Files</Filter>
    </ClInclude>
    <ClInclude Include="GUI.h">
      <Filter>Header Files</Filter>
    </ClInclude>
    <ClInclude Include="Hacks\ESP\Animal.h">
      <Filter>Header Files\Hacks\ESP</Filter>
    </ClInclude>
    <ClInclude Include="Hacks\ESP\Item.h">
      <Filter>Header Files\Hacks\ESP</Filter>
    </ClInclude>
    <ClInclude Include="Hacks\ESP\Map.h">
      <Filter>Header Files\Hacks\ESP</Filter>
    </ClInclude>
    <ClInclude Include="Hacks\ESP\Mermaid.h">
      <Filter>Header Files\Hacks\ESP</Filter>
    </ClInclude>
    <ClInclude Include="Hacks\ESP\Player.h">
      <Filter>Header Files\Hacks\ESP</Filter>
    </ClInclude>
    <ClInclude Include="Hacks\ESP\Ship.h">
      <Filter>Header Files\Hacks\ESP</Filter>
    </ClInclude>
    <ClInclude Include="Hacks\ESP\Skeleton.h">
      <Filter>Header Files\Hacks\ESP</Filter>
    </ClInclude>
    <ClInclude Include="Hacks\Info\PlayerList.h">
      <Filter>Header Files\Hacks\Info</Filter>
    </ClInclude>
    <ClInclude Include="Hacks\Info\Anchor.h">
      <Filter>Header Files\Hacks\Info</Filter>
    </ClInclude>
    <ClInclude Include="Hacks\Info\Compass.h">
      <Filter>Header Files\Hacks\Info</Filter>
    </ClInclude>
    <ClInclude Include="Hacks\Info\Oxygen.h">
      <Filter>Header Files\Hacks\Info</Filter>
    </ClInclude>
    <ClInclude Include="Hacks\Info\WaterLevel.h">
      <Filter>Header Files\Hacks\Info</Filter>
    </ClInclude>
    <ClInclude Include="Hacks\Aimbot\Player.h">
      <Filter>Header Files\Hacks\Aimbot</Filter>
    </ClInclude>
    <ClInclude Include="Hacks\Aimbot\Cannon.h">
      <Filter>Header Files\Hacks\Aimbot</Filter>
    </ClInclude>
    <ClInclude Include="Hacks\Info\Debug.h">
      <Filter>Header Files\Hacks\Info</Filter>
    </ClInclude>
    <ClInclude Include="Hacks\ESP\LoreBook.h">
      <Filter>Header Files\Hacks\ESP</Filter>
    </ClInclude>
  </ItemGroup>
</Project>