<?xml version="1.0" encoding="utf-8"?>
<Project ToolsVersion="4.0" xmlns="http://schemas.microsoft.com/developer/msbuild/2003">
  <ItemGroup>
    <Filter Include="Source Files">
      <UniqueIdentifier>{4FC737F1-C7A5-4376-A066-2A32D752A2FF}</UniqueIdentifier>
      <Extensions>cpp;c;cc;cxx;c++;def;odl;idl;hpj;bat;asm;asmx</Extensions>
    </Filter>
    <Filter Include="Header Files">
      <UniqueIdentifier>{93995380-89BD-4b04-88EB-625FBE52EBFB}</UniqueIdentifier>
      <Extensions>h;hh;hpp;hxx;h++;hm;inl;inc;ipp;xsd</Extensions>
    </Filter>
    <Filter Include="Resource Files">
      <UniqueIdentifier>{67DA6AB6-F800-4c08-8B7A-83BB121AAD01}</UniqueIdentifier>
      <Extensions>rc;ico;cur;bmp;dlg;rc2;rct;bin;rgs;gif;jpg;jpeg;jpe;resx;tiff;tif;png;wav;mfcribbon-ms</Extensions>
    </Filter>
    <Filter Include="Header Files\include">
      <UniqueIdentifier>{adbda59b-d4c1-431b-adb3-ff3cd34ad435}</UniqueIdentifier>
    </Filter>
    <Filter Include="Header Files\include\spdlog">
      <UniqueIdentifier>{b34cd3c7-70bd-423f-af22-76e6697b0e26}</UniqueIdentifier>
    </Filter>
    <Filter Include="Header Files\include\imgui">
      <UniqueIdentifier>{f7925948-c10d-4927-99bc-e8a0170d1ee3}</UniqueIdentifier>
    </Filter>
    <Filter Include="Source Files\include">
      <UniqueIdentifier>{9334c830-1ba8-4336-a5a2-88bc6450c537}</UniqueIdentifier>
    </Filter>
    <Filter Include="Source Files\include\imgui">
      <UniqueIdentifier>{fd4f9234-a86a-483a-8ccb-7b8264a0f9c0}</UniqueIdentifier>
    </Filter>
    <Filter Include="Source Files\Utilities">
      <UniqueIdentifier>{2896faff-87e1-4231-a9dd-71650ac21cf8}</UniqueIdentifier>
    </Filter>
    <Filter Include="Header Files\Utilities">
      <UniqueIdentifier>{094d8a29-d872-445d-be45-3d87fcadc654}</UniqueIdentifier>
    </Filter>
    <Filter Include="Header Files\Hacks">
      <UniqueIdentifier>{0a9a6171-2ae8-4a9b-a435-ffaa84daf27a}</UniqueIdentifier>
    </Filter>
    <Filter Include="Source Files\Hacks">
      <UniqueIdentifier>{d47a0456-a03b-47d3-b014-41bfe8b7c530}</UniqueIdentifier>
    </Filter>
    <Filter Include="Header Files\include\SDK">
      <UniqueIdentifier>{edc8861f-c6fe-4e29-9d96-35aa66665026}</UniqueIdentifier>
    </Filter>
    <Filter Include="Source Files\include\SDK">
      <UniqueIdentifier>{670bee64-0b5d-46ac-bb02-9c878b47ae30}</UniqueIdentifier>
    </Filter>
    <Filter Include="Header Files\Hooks">
      <UniqueIdentifier>{023acc98-8116-43f0-b697-f8d1117eca21}</UniqueIdentifier>
    </Filter>
    <Filter Include="Source Files\Hooks">
      <UniqueIdentifier>{62842cfe-f111-462c-9c5e-5c7cb1727d55}</UniqueIdentifier>
    </Filter>
    <Filter Include="Source Files\Render">
      <UniqueIdentifier>{e30f4f26-85c9-43a3-9a3b-ef6272c16674}</UniqueIdentifier>
    </Filter>
    <Filter Include="Header Files\Render">
      <UniqueIdentifier>{7314fe71-e553-4160-95e7-188ae421c073}</UniqueIdentifier>
    </Filter>
    <Filter Include="Source Files\include\SDK\SoT">
      <UniqueIdentifier>{becc6dae-c565-40be-a662-ac13fc5939cd}</UniqueIdentifier>
    </Filter>
    <Filter Include="Source Files\include\SDK\UE4">
      <UniqueIdentifier>{c08e22d0-681a-4aed-bf94-9f218d545c18}</UniqueIdentifier>
    </Filter>
    <Filter Include="Header Files\include\SDK\UE4">
      <UniqueIdentifier>{e355ef53-c5da-4e94-a417-e3a4b1cbfb81}</UniqueIdentifier>
    </Filter>
    <Filter Include="Header Files\include\SDK\SoT">
      <UniqueIdentifier>{e6c7b811-767d-4b26-b9ef-73dae0bbeb0b}</UniqueIdentifier>
    </Filter>
  </ItemGroup>
  <ItemGroup>
    <ClCompile Include="dllmain.cpp">
      <Filter>Source Files</Filter>
    </ClCompile>
    <ClCompile Include="include\imgui\imgui.cpp">
      <Filter>Source Files\include\imgui</Filter>
    </ClCompile>
    <ClCompile Include="include\imgui\imgui_draw.cpp">
      <Filter>Source Files\include\imgui</Filter>
    </ClCompile>
    <ClCompile Include="include\imgui\imgui_impl_dx11.cpp">
      <Filter>Source Files\include\imgui</Filter>
    </ClCompile>
    <ClCompile Include="include\imgui\imgui_impl_win32.cpp">
      <Filter>Source Files\include\imgui</Filter>
    </ClCompile>
    <ClCompile Include="include\imgui\imgui_widgets.cpp">
      <Filter>Source Files\include\imgui</Filter>
    </ClCompile>
    <ClCompile Include="Utilities\Memory.cpp">
      <Filter>Source Files\Utilities</Filter>
    </ClCompile>
    <ClCompile Include="Utilities\Hooking.cpp">
      <Filter>Source Files\Utilities</Filter>
    </ClCompile>
    <ClCompile Include="Config.cpp">
      <Filter>Source Files</Filter>
    </ClCompile>
    <ClCompile Include="Hacks\ESP.cpp">
      <Filter>Source Files\Hacks</Filter>
    </ClCompile>
    <ClCompile Include="Hacks\Info.cpp">
      <Filter>Source Files\Hacks</Filter>
    </ClCompile>
    <ClCompile Include="SeaOfRats.cpp">
      <Filter>Source Files</Filter>
    </ClCompile>
    <ClCompile Include="Hooks\Game.cpp">
      <Filter>Source Files\Hooks</Filter>
    </ClCompile>
    <ClCompile Include="Hooks\DirectX.cpp">
      <Filter>Source Files\Hooks</Filter>
    </ClCompile>
    <ClCompile Include="Hacks\Aimbot.cpp">
      <Filter>Source Files\Hacks</Filter>
    </ClCompile>
    <ClCompile Include="Hacks\Hacks.cpp">
      <Filter>Source Files\Hacks</Filter>
    </ClCompile>
    <ClCompile Include="Hacks\Bones.cpp">
      <Filter>Source Files\Hacks</Filter>
    </ClCompile>
    <ClCompile Include="Render\Drawing.cpp">
      <Filter>Source Files\Render</Filter>
    </ClCompile>
    <ClCompile Include="Render\GUI.cpp">
      <Filter>Source Files\Render</Filter>
    </ClCompile>
    <ClCompile Include="include\imgui\imgui_tables.cpp">
      <Filter>Source Files\include\imgui</Filter>
    </ClCompile>
    <ClCompile Include="include\SDK\UE4\Basic.cpp">
      <Filter>Source Files\include\SDK\UE4</Filter>
    </ClCompile>
    <ClCompile Include="include\SDK\UE4\CoreUObject.cpp">
      <Filter>Source Files\include\SDK\UE4</Filter>
    </ClCompile>
    <ClCompile Include="include\SDK\UE4\UE4.cpp">
      <Filter>Source Files\include\SDK\UE4</Filter>
    </ClCompile>
    <ClCompile Include="include\SDK\SoT\Athena.cpp">
      <Filter>Source Files\include\SDK\SoT</Filter>
    </ClCompile>
    <ClCompile Include="include\SDK\SoT\Engine.cpp">
      <Filter>Source Files\include\SDK\SoT</Filter>
    </ClCompile>
    <ClCompile Include="include\SDK\SoT\Maths.cpp">
      <Filter>Source Files\include\SDK\SoT</Filter>
    </ClCompile>
  </ItemGroup>
  <ItemGroup>
    <ClInclude Include="include\spdlog\sinks\android_sink.h">
      <Filter>Header Files\include\spdlog</Filter>
    </ClInclude>
    <ClInclude Include="include\spdlog\sinks\ansicolor_sink.h">
      <Filter>Header Files\include\spdlog</Filter>
    </ClInclude>
    <ClInclude Include="include\spdlog\sinks\ansicolor_sink-inl.h">
      <Filter>Header Files\include\spdlog</Filter>
    </ClInclude>
    <ClInclude Include="include\spdlog\cfg\argv.h">
      <Filter>Header Files\include\spdlog</Filter>
    </ClInclude>
    <ClInclude Include="include\spdlog\async.h">
      <Filter>Header Files\include\spdlog</Filter>
    </ClInclude>
    <ClInclude Include="include\spdlog\async_logger.h">
      <Filter>Header Files\include\spdlog</Filter>
    </ClInclude>
    <ClInclude Include="include\spdlog\async_logger-inl.h">
      <Filter>Header Files\include\spdlog</Filter>
    </ClInclude>
    <ClInclude Include="include\spdlog\details\backtracer.h">
      <Filter>Header Files\include\spdlog</Filter>
    </ClInclude>
    <ClInclude Include="include\spdlog\details\backtracer-inl.h">
      <Filter>Header Files\include\spdlog</Filter>
    </ClInclude>
    <ClInclude Include="include\spdlog\sinks\base_sink.h">
      <Filter>Header Files\include\spdlog</Filter>
    </ClInclude>
    <ClInclude Include="include\spdlog\sinks\base_sink-inl.h">
      <Filter>Header Files\include\spdlog</Filter>
    </ClInclude>
    <ClInclude Include="include\spdlog\sinks\basic_file_sink.h">
      <Filter>Header Files\include\spdlog</Filter>
    </ClInclude>
    <ClInclude Include="include\spdlog\sinks\basic_file_sink-inl.h">
      <Filter>Header Files\include\spdlog</Filter>
    </ClInclude>
    <ClInclude Include="include\spdlog\fmt\bin_to_hex.h">
      <Filter>Header Files\include\spdlog</Filter>
    </ClInclude>
    <ClInclude Include="include\spdlog\fmt\bundled\chrono.h">
      <Filter>Header Files\include\spdlog</Filter>
    </ClInclude>
    <ClInclude Include="include\spdlog\details\circular_q.h">
      <Filter>Header Files\include\spdlog</Filter>
    </ClInclude>
    <ClInclude Include="include\spdlog\fmt\bundled\color.h">
      <Filter>Header Files\include\spdlog</Filter>
    </ClInclude>
    <ClInclude Include="include\spdlog\common.h">
      <Filter>Header Files\include\spdlog</Filter>
    </ClInclude>
    <ClInclude Include="include\spdlog\common-inl.h">
      <Filter>Header Files\include\spdlog</Filter>
    </ClInclude>
    <ClInclude Include="include\spdlog\fmt\bundled\compile.h">
      <Filter>Header Files\include\spdlog</Filter>
    </ClInclude>
    <ClInclude Include="include\spdlog\details\console_globals.h">
      <Filter>Header Files\include\spdlog</Filter>
    </ClInclude>
    <ClInclude Include="include\spdlog\fmt\bundled\core.h">
      <Filter>Header Files\include\spdlog</Filter>
    </ClInclude>
    <ClInclude Include="include\spdlog\sinks\daily_file_sink.h">
      <Filter>Header Files\include\spdlog</Filter>
    </ClInclude>
    <ClInclude Include="include\spdlog\sinks\dist_sink.h">
      <Filter>Header Files\include\spdlog</Filter>
    </ClInclude>
    <ClInclude Include="include\spdlog\sinks\dup_filter_sink.h">
      <Filter>Header Files\include\spdlog</Filter>
    </ClInclude>
    <ClInclude Include="include\spdlog\cfg\env.h">
      <Filter>Header Files\include\spdlog</Filter>
    </ClInclude>
    <ClInclude Include="include\spdlog\details\file_helper.h">
      <Filter>Header Files\include\spdlog</Filter>
    </ClInclude>
    <ClInclude Include="include\spdlog\details\file_helper-inl.h">
      <Filter>Header Files\include\spdlog</Filter>
    </ClInclude>
    <ClInclude Include="include\spdlog\fmt\fmt.h">
      <Filter>Header Files\include\spdlog</Filter>
    </ClInclude>
    <ClInclude Include="include\spdlog\details\fmt_helper.h">
      <Filter>Header Files\include\spdlog</Filter>
    </ClInclude>
    <ClInclude Include="include\spdlog\fmt\bundled\format.h">
      <Filter>Header Files\include\spdlog</Filter>
    </ClInclude>
    <ClInclude Include="include\spdlog\fmt\bundled\format-inl.h">
      <Filter>Header Files\include\spdlog</Filter>
    </ClInclude>
    <ClInclude Include="include\spdlog\formatter.h">
      <Filter>Header Files\include\spdlog</Filter>
    </ClInclude>
    <ClInclude Include="include\spdlog\fwd.h">
      <Filter>Header Files\include\spdlog</Filter>
    </ClInclude>
    <ClInclude Include="include\spdlog\cfg\helpers.h">
      <Filter>Header Files\include\spdlog</Filter>
    </ClInclude>
    <ClInclude Include="include\spdlog\cfg\helpers-inl.h">
      <Filter>Header Files\include\spdlog</Filter>
    </ClInclude>
    <ClInclude Include="include\spdlog\fmt\bundled\locale.h">
      <Filter>Header Files\include\spdlog</Filter>
    </ClInclude>
    <ClInclude Include="include\spdlog\cfg\log_levels.h">
      <Filter>Header Files\include\spdlog</Filter>
    </ClInclude>
    <ClInclude Include="include\spdlog\details\log_msg.h">
      <Filter>Header Files\include\spdlog</Filter>
    </ClInclude>
    <ClInclude Include="include\spdlog\details\log_msg_buffer.h">
      <Filter>Header Files\include\spdlog</Filter>
    </ClInclude>
    <ClInclude Include="include\spdlog\details\log_msg_buffer-inl.h">
      <Filter>Header Files\include\spdlog</Filter>
    </ClInclude>
    <ClInclude Include="include\spdlog\details\log_msg-inl.h">
      <Filter>Header Files\include\spdlog</Filter>
    </ClInclude>
    <ClInclude Include="include\spdlog\logger.h">
      <Filter>Header Files\include\spdlog</Filter>
    </ClInclude>
    <ClInclude Include="include\spdlog\logger-inl.h">
      <Filter>Header Files\include\spdlog</Filter>
    </ClInclude>
    <ClInclude Include="include\spdlog\details\mpmc_blocking_q.h">
      <Filter>Header Files\include\spdlog</Filter>
    </ClInclude>
    <ClInclude Include="include\spdlog\sinks\msvc_sink.h">
      <Filter>Header Files\include\spdlog</Filter>
    </ClInclude>
    <ClInclude Include="include\spdlog\details\null_mutex.h">
      <Filter>Header Files\include\spdlog</Filter>
    </ClInclude>
    <ClInclude Include="include\spdlog\sinks\null_sink.h">
      <Filter>Header Files\include\spdlog</Filter>
    </ClInclude>
    <ClInclude Include="include\spdlog\details\os.h">
      <Filter>Header Files\include\spdlog</Filter>
    </ClInclude>
    <ClInclude Include="include\spdlog\details\os-inl.h">
      <Filter>Header Files\include\spdlog</Filter>
    </ClInclude>
    <ClInclude Include="include\spdlog\fmt\ostr.h">
      <Filter>Header Files\include\spdlog</Filter>
    </ClInclude>
    <ClInclude Include="include\spdlog\fmt\bundled\ostream.h">
      <Filter>Header Files\include\spdlog</Filter>
    </ClInclude>
    <ClInclude Include="include\spdlog\sinks\ostream_sink.h">
      <Filter>Header Files\include\spdlog</Filter>
    </ClInclude>
    <ClInclude Include="include\spdlog\pattern_formatter.h">
      <Filter>Header Files\include\spdlog</Filter>
    </ClInclude>
    <ClInclude Include="include\spdlog\pattern_formatter-inl.h">
      <Filter>Header Files\include\spdlog</Filter>
    </ClInclude>
    <ClInclude Include="include\spdlog\details\periodic_worker.h">
      <Filter>Header Files\include\spdlog</Filter>
    </ClInclude>
    <ClInclude Include="include\spdlog\details\periodic_worker-inl.h">
      <Filter>Header Files\include\spdlog</Filter>
    </ClInclude>
    <ClInclude Include="include\spdlog\fmt\bundled\posix.h">
      <Filter>Header Files\include\spdlog</Filter>
    </ClInclude>
    <ClInclude Include="include\spdlog\fmt\bundled\printf.h">
      <Filter>Header Files\include\spdlog</Filter>
    </ClInclude>
    <ClInclude Include="include\spdlog\fmt\bundled\ranges.h">
      <Filter>Header Files\include\spdlog</Filter>
    </ClInclude>
    <ClInclude Include="include\spdlog\details\registry.h">
      <Filter>Header Files\include\spdlog</Filter>
    </ClInclude>
    <ClInclude Include="include\spdlog\details\registry-inl.h">
      <Filter>Header Files\include\spdlog</Filter>
    </ClInclude>
    <ClInclude Include="include\spdlog\sinks\ringbuffer_sink.h">
      <Filter>Header Files\include\spdlog</Filter>
    </ClInclude>
    <ClInclude Include="include\spdlog\sinks\rotating_file_sink.h">
      <Filter>Header Files\include\spdlog</Filter>
    </ClInclude>
    <ClInclude Include="include\spdlog\sinks\rotating_file_sink-inl.h">
      <Filter>Header Files\include\spdlog</Filter>
    </ClInclude>
    <ClInclude Include="include\spdlog\sinks\sink.h">
      <Filter>Header Files\include\spdlog</Filter>
    </ClInclude>
    <ClInclude Include="include\spdlog\sinks\sink-inl.h">
      <Filter>Header Files\include\spdlog</Filter>
    </ClInclude>
    <ClInclude Include="include\spdlog\spdlog.h">
      <Filter>Header Files\include\spdlog</Filter>
    </ClInclude>
    <ClInclude Include="include\spdlog\spdlog-inl.h">
      <Filter>Header Files\include\spdlog</Filter>
    </ClInclude>
    <ClInclude Include="include\spdlog\sinks\stdout_color_sinks.h">
      <Filter>Header Files\include\spdlog</Filter>
    </ClInclude>
    <ClInclude Include="include\spdlog\sinks\stdout_color_sinks-inl.h">
      <Filter>Header Files\include\spdlog</Filter>
    </ClInclude>
    <ClInclude Include="include\spdlog\sinks\stdout_sinks.h">
      <Filter>Header Files\include\spdlog</Filter>
    </ClInclude>
    <ClInclude Include="include\spdlog\sinks\stdout_sinks-inl.h">
      <Filter>Header Files\include\spdlog</Filter>
    </ClInclude>
    <ClInclude Include="include\spdlog\details\synchronous_factory.h">
      <Filter>Header Files\include\spdlog</Filter>
    </ClInclude>
    <ClInclude Include="include\spdlog\sinks\syslog_sink.h">
      <Filter>Header Files\include\spdlog</Filter>
    </ClInclude>
    <ClInclude Include="include\spdlog\sinks\systemd_sink.h">
      <Filter>Header Files\include\spdlog</Filter>
    </ClInclude>
    <ClInclude Include="include\spdlog\details\tcp_client.h">
      <Filter>Header Files\include\spdlog</Filter>
    </ClInclude>
    <ClInclude Include="include\spdlog\details\tcp_client-windows.h">
      <Filter>Header Files\include\spdlog</Filter>
    </ClInclude>
    <ClInclude Include="include\spdlog\sinks\tcp_sink.h">
      <Filter>Header Files\include\spdlog</Filter>
    </ClInclude>
    <ClInclude Include="include\spdlog\details\thread_pool.h">
      <Filter>Header Files\include\spdlog</Filter>
    </ClInclude>
    <ClInclude Include="include\spdlog\details\thread_pool-inl.h">
      <Filter>Header Files\include\spdlog</Filter>
    </ClInclude>
    <ClInclude Include="include\spdlog\tweakme.h">
      <Filter>Header Files\include\spdlog</Filter>
    </ClInclude>
    <ClInclude Include="include\spdlog\version.h">
      <Filter>Header Files\include\spdlog</Filter>
    </ClInclude>
    <ClInclude Include="include\spdlog\sinks\win_eventlog_sink.h">
      <Filter>Header Files\include\spdlog</Filter>
    </ClInclude>
    <ClInclude Include="include\spdlog\sinks\wincolor_sink.h">
      <Filter>Header Files\include\spdlog</Filter>
    </ClInclude>
    <ClInclude Include="include\spdlog\sinks\wincolor_sink-inl.h">
      <Filter>Header Files\include\spdlog</Filter>
    </ClInclude>
    <ClInclude Include="include\spdlog\details\windows_include.h">
      <Filter>Header Files\include\spdlog</Filter>
    </ClInclude>
    <ClInclude Include="include\imgui\imconfig.h">
      <Filter>Header Files\include\imgui</Filter>
    </ClInclude>
    <ClInclude Include="include\imgui\imgui.h">
      <Filter>Header Files\include\imgui</Filter>
    </ClInclude>
    <ClInclude Include="include\imgui\imgui_impl_dx11.h">
      <Filter>Header Files\include\imgui</Filter>
    </ClInclude>
    <ClInclude Include="include\imgui\imgui_impl_win32.h">
      <Filter>Header Files\include\imgui</Filter>
    </ClInclude>
    <ClInclude Include="include\imgui\imgui_internal.h">
      <Filter>Header Files\include\imgui</Filter>
    </ClInclude>
    <ClInclude Include="include\imgui\imstb_rectpack.h">
      <Filter>Header Files\include\imgui</Filter>
    </ClInclude>
    <ClInclude Include="include\imgui\imstb_textedit.h">
      <Filter>Header Files\include\imgui</Filter>
    </ClInclude>
    <ClInclude Include="include\imgui\imstb_truetype.h">
      <Filter>Header Files\include\imgui</Filter>
    </ClInclude>
    <ClInclude Include="Utilities\Memory.h">
      <Filter>Header Files\Utilities</Filter>
    </ClInclude>
    <ClInclude Include="Utilities\Hooking.h">
      <Filter>Header Files\Utilities</Filter>
    </ClInclude>
    <ClInclude Include="Config.h">
      <Filter>Header Files</Filter>
    </ClInclude>
    <ClInclude Include="Hacks\ESP.h">
      <Filter>Header Files\Hacks</Filter>
    </ClInclude>
    <ClInclude Include="Hacks\Info.h">
      <Filter>Header Files\Hacks</Filter>
    </ClInclude>
    <ClInclude Include="SeaOfRats.h">
      <Filter>Header Files</Filter>
    </ClInclude>
    <ClInclude Include="Hooks\DirectX.h">
      <Filter>Header Files\Hooks</Filter>
    </ClInclude>
    <ClInclude Include="Hooks\Game.h">
      <Filter>Header Files\Hooks</Filter>
    </ClInclude>
    <ClInclude Include="Hacks\Hacks.h">
      <Filter>Header Files\Hacks</Filter>
    </ClInclude>
    <ClInclude Include="Hacks\Aimbot.h">
      <Filter>Header Files\Hacks</Filter>
    </ClInclude>
    <ClInclude Include="Hacks\Bones.h">
      <Filter>Header Files\Hacks</Filter>
    </ClInclude>
    <ClInclude Include="Render\Drawing.h">
      <Filter>Header Files\Render</Filter>
    </ClInclude>
    <ClInclude Include="Render\GUI.h">
      <Filter>Header Files\Render</Filter>
    </ClInclude>
    <ClInclude Include="include\SDK\SDK.h">
      <Filter>Header Files\include\SDK</Filter>
    </ClInclude>
    <ClInclude Include="include\SDK\UE4\LinearColor.h">
      <Filter>Header Files\include\SDK\UE4</Filter>
    </ClInclude>
    <ClInclude Include="include\SDK\UE4\Math.h">
      <Filter>Header Files\include\SDK\UE4</Filter>
    </ClInclude>
    <ClInclude Include="include\SDK\UE4\Quat.h">
      <Filter>Header Files\include\SDK\UE4</Filter>
    </ClInclude>
    <ClInclude Include="include\SDK\UE4\UE4.h">
      <Filter>Header Files\include\SDK\UE4</Filter>
    </ClInclude>
    <ClInclude Include="include\SDK\UE4\Vector.h">
      <Filter>Header Files\include\SDK\UE4</Filter>
    </ClInclude>
    <ClInclude Include="include\SDK\UE4\Vector2D.h">
      <Filter>Header Files\include\SDK\UE4</Filter>
    </ClInclude>
    <ClInclude Include="include\SDK\UE4\Rotator.h">
      <Filter>Header Files\include\SDK\UE4</Filter>
    </ClInclude>
    <ClInclude Include="include\SDK\UE4\Transform.h">
      <Filter>Header Files\include\SDK\UE4</Filter>
    </ClInclude>
    <ClInclude Include="include\SDK\UE4\Matrix.h">
      <Filter>Header Files\include\SDK\UE4</Filter>
    </ClInclude>
    <ClInclude Include="include\SDK\SoT\SoT.h">
      <Filter>Header Files\include\SDK\SoT</Filter>
    </ClInclude>
    <ClInclude Include="include\SDK\UE4\Basic.h">
      <Filter>Header Files\include\SDK\UE4</Filter>
    </ClInclude>
    <ClInclude Include="include\SDK\UE4\CoreUObject.h">
      <Filter>Header Files\include\SDK\UE4</Filter>
    </ClInclude>
    <ClInclude Include="include\SDK\SoT\Engine.h">
      <Filter>Header Files\include\SDK\SoT</Filter>
    </ClInclude>
    <ClInclude Include="include\SDK\SoT\Athena.h">
      <Filter>Header Files\include\SDK\SoT</Filter>
    </ClInclude>
    <ClInclude Include="include\SDK\SoT\GameService.h">
      <Filter>Header Files\include\SDK\SoT</Filter>
    </ClInclude>
    <ClInclude Include="include\SDK\SoT\Sessions.h">
      <Filter>Header Files\include\SDK\SoT</Filter>
    </ClInclude>
    <ClInclude Include="include\SDK\UE4\Guid.h">
      <Filter>Header Files\include\SDK\UE4</Filter>
    </ClInclude>
    <ClInclude Include="include\SDK\SoT\Maths.h">
      <Filter>Header Files\include\SDK\SoT</Filter>
    </ClInclude>
    <ClInclude Include="include\SDK\SoT\InputCore.h">
      <Filter>Header Files\include\SDK\SoT</Filter>
    </ClInclude>
    <ClInclude Include="include\SDK\SoT\AthenaAI.h">
      <Filter>Header Files\include\SDK\SoT</Filter>
    </ClInclude>
  </ItemGroup>
</Project>